// !$*UTF8*$!
{
	archiveVersion = 1;
	classes = {
	};
	objectVersion = 56;
	objects = {

/* Begin PBXBuildFile section */
		7C7DA09E2A5DA2A100B58AFA /* ExercisesManager.swift in Sources */ = {isa = PBXBuildFile; fileRef = 7C7DA09D2A5DA2A100B58AFA /* ExercisesManager.swift */; };
		7C7DA0A02A5DA38000B58AFA /* FSExtensions.swift in Sources */ = {isa = PBXBuildFile; fileRef = 7C7DA09F2A5DA38000B58AFA /* FSExtensions.swift */; };
		7C7DA0A22A5DAAB800B58AFA /* Launchscreen.storyboard in Resources */ = {isa = PBXBuildFile; fileRef = 7C7DA0A12A5DAAB800B58AFA /* Launchscreen.storyboard */; };
		7C7DA0A42A5DAE2500B58AFA /* Enums.swift in Sources */ = {isa = PBXBuildFile; fileRef = 7C7DA0A32A5DAE2400B58AFA /* Enums.swift */; };
		7C7DA0AD2A5DAE4100B58AFA /* Session.swift in Sources */ = {isa = PBXBuildFile; fileRef = 7C7DA0A62A5DAE4100B58AFA /* Session.swift */; };
		7C7DA0AE2A5DAE4100B58AFA /* SessionsManager.swift in Sources */ = {isa = PBXBuildFile; fileRef = 7C7DA0A72A5DAE4100B58AFA /* SessionsManager.swift */; };
		7C7DA0AF2A5DAE4100B58AFA /* Bob.swift in Sources */ = {isa = PBXBuildFile; fileRef = 7C7DA0A82A5DAE4100B58AFA /* Bob.swift */; };
		7C7DA0B02A5DAE4100B58AFA /* Workout.swift in Sources */ = {isa = PBXBuildFile; fileRef = 7C7DA0A92A5DAE4100B58AFA /* Workout.swift */; };
		7C7DA0B12A5DAE4100B58AFA /* RoutinesManager.swift in Sources */ = {isa = PBXBuildFile; fileRef = 7C7DA0AB2A5DAE4100B58AFA /* RoutinesManager.swift */; };
		7C7DA0B22A5DAE4100B58AFA /* Routine.swift in Sources */ = {isa = PBXBuildFile; fileRef = 7C7DA0AC2A5DAE4100B58AFA /* Routine.swift */; };
		7C7DA0B72A5DD36200B58AFA /* LoginAnimation.swift in Sources */ = {isa = PBXBuildFile; fileRef = 7C7DA0B62A5DD36200B58AFA /* LoginAnimation.swift */; };
		7C7DA0BB2A5E909600B58AFA /* ParallaxScrollView.swift in Sources */ = {isa = PBXBuildFile; fileRef = 7C7DA0BA2A5E909600B58AFA /* ParallaxScrollView.swift */; };
		7C7DA0BD2A5E93F900B58AFA /* FrostedProgressView.swift in Sources */ = {isa = PBXBuildFile; fileRef = 7C7DA0BC2A5E93F900B58AFA /* FrostedProgressView.swift */; };
		7C7DA0C02A5E968900B58AFA /* MainButtonLabel.swift in Sources */ = {isa = PBXBuildFile; fileRef = 7C7DA0BF2A5E968900B58AFA /* MainButtonLabel.swift */; };
		7C7DA0C42A5EAFA000B58AFA /* SettingsView.swift in Sources */ = {isa = PBXBuildFile; fileRef = 7C7DA0C22A5EAFA000B58AFA /* SettingsView.swift */; };
		7C7DA0C52A5EAFA000B58AFA /* SettingsViewModel.swift in Sources */ = {isa = PBXBuildFile; fileRef = 7C7DA0C32A5EAFA000B58AFA /* SettingsViewModel.swift */; };
		7C7DA0C72A5EB03200B58AFA /* StartViewModel.swift in Sources */ = {isa = PBXBuildFile; fileRef = 7C7DA0C62A5EB03100B58AFA /* StartViewModel.swift */; };
		7C7DA0C92A5EB04600B58AFA /* StartContainer.swift in Sources */ = {isa = PBXBuildFile; fileRef = 7C7DA0C82A5EB04600B58AFA /* StartContainer.swift */; };
		7C7DA0CB2A5EB07A00B58AFA /* InProgressView.swift in Sources */ = {isa = PBXBuildFile; fileRef = 7C7DA0CA2A5EB07A00B58AFA /* InProgressView.swift */; };
		7C7DA0CD2A5EB0AA00B58AFA /* StartPageView.swift in Sources */ = {isa = PBXBuildFile; fileRef = 7C7DA0CC2A5EB0AA00B58AFA /* StartPageView.swift */; };
		7C7DA0D12A5EB0EA00B58AFA /* TSTimerView.swift in Sources */ = {isa = PBXBuildFile; fileRef = 7C7DA0D02A5EB0EA00B58AFA /* TSTimerView.swift */; };
		7C7DA0D72A5EB0F800B58AFA /* BobView.swift in Sources */ = {isa = PBXBuildFile; fileRef = 7C7DA0D42A5EB0F800B58AFA /* BobView.swift */; };
		7C7DA0D82A5EB0F800B58AFA /* SessionView.swift in Sources */ = {isa = PBXBuildFile; fileRef = 7C7DA0D52A5EB0F800B58AFA /* SessionView.swift */; };
		7C7DA0DB2A5EB12000B58AFA /* GaugeView.swift in Sources */ = {isa = PBXBuildFile; fileRef = 7C7DA0DA2A5EB12000B58AFA /* GaugeView.swift */; };
		7C7DA0DE2A5EB15300B58AFA /* SwipeActions in Frameworks */ = {isa = PBXBuildFile; productRef = 7C7DA0DD2A5EB15300B58AFA /* SwipeActions */; };
		7C7DA0E82A5EB16400B58AFA /* TsCalendarView.swift in Sources */ = {isa = PBXBuildFile; fileRef = 7C7DA0E12A5EB16400B58AFA /* TsCalendarView.swift */; };
		7C7DA0E92A5EB16400B58AFA /* TsCalendarViewModel.swift in Sources */ = {isa = PBXBuildFile; fileRef = 7C7DA0E22A5EB16400B58AFA /* TsCalendarViewModel.swift */; };
		7C7DA0EA2A5EB16400B58AFA /* WorkoutGrid.swift in Sources */ = {isa = PBXBuildFile; fileRef = 7C7DA0E32A5EB16400B58AFA /* WorkoutGrid.swift */; };
		7C7DA0EB2A5EB16400B58AFA /* HistoryViewModel.swift in Sources */ = {isa = PBXBuildFile; fileRef = 7C7DA0E42A5EB16400B58AFA /* HistoryViewModel.swift */; };
		7C7DA0EC2A5EB16400B58AFA /* WorkoutDetailView.swift in Sources */ = {isa = PBXBuildFile; fileRef = 7C7DA0E62A5EB16400B58AFA /* WorkoutDetailView.swift */; };
		7C7DA0ED2A5EB16400B58AFA /* HistoryView.swift in Sources */ = {isa = PBXBuildFile; fileRef = 7C7DA0E72A5EB16400B58AFA /* HistoryView.swift */; };
		7C7DA0F02A5EB1AA00B58AFA /* SwiftUICalendar in Frameworks */ = {isa = PBXBuildFile; productRef = 7C7DA0EF2A5EB1AA00B58AFA /* SwiftUICalendar */; };
		7C7DA0F22A5EB1ED00B58AFA /* TimeInterval-String.swift in Sources */ = {isa = PBXBuildFile; fileRef = 7C7DA0F12A5EB1ED00B58AFA /* TimeInterval-String.swift */; };
		7C7DA0F42A5EB21000B58AFA /* DurationFormatter.swift in Sources */ = {isa = PBXBuildFile; fileRef = 7C7DA0F32A5EB21000B58AFA /* DurationFormatter.swift */; };
		7C7DA0F92A5EB25400B58AFA /* CategoryImageView.swift in Sources */ = {isa = PBXBuildFile; fileRef = 7C7DA0F52A5EB25400B58AFA /* CategoryImageView.swift */; };
		7C7DA0FA2A5EB25400B58AFA /* LargeTsButton.swift in Sources */ = {isa = PBXBuildFile; fileRef = 7C7DA0F62A5EB25400B58AFA /* LargeTsButton.swift */; };
		7C7DA0FB2A5EB25400B58AFA /* LetterPicker.swift in Sources */ = {isa = PBXBuildFile; fileRef = 7C7DA0F72A5EB25400B58AFA /* LetterPicker.swift */; };
		7C7DA0FC2A5EB25400B58AFA /* SmallTsButton.swift in Sources */ = {isa = PBXBuildFile; fileRef = 7C7DA0F82A5EB25400B58AFA /* SmallTsButton.swift */; };
		7C7DA1092A5EB32A00B58AFA /* PickerCell.swift in Sources */ = {isa = PBXBuildFile; fileRef = 7C7DA0FE2A5EB32A00B58AFA /* PickerCell.swift */; };
		7C7DA10A2A5EB32A00B58AFA /* TemplatesPickerView.swift in Sources */ = {isa = PBXBuildFile; fileRef = 7C7DA1002A5EB32A00B58AFA /* TemplatesPickerView.swift */; };
		7C7DA10D2A5EB32A00B58AFA /* TemplatesPickerViewModel.swift in Sources */ = {isa = PBXBuildFile; fileRef = 7C7DA1032A5EB32A00B58AFA /* TemplatesPickerViewModel.swift */; };
		7C7DA10E2A5EB32A00B58AFA /* ExercisesViewModel.swift in Sources */ = {isa = PBXBuildFile; fileRef = 7C7DA1042A5EB32A00B58AFA /* ExercisesViewModel.swift */; };
		7C7DA10F2A5EB32A00B58AFA /* TemplatePickerDetailView.swift in Sources */ = {isa = PBXBuildFile; fileRef = 7C7DA1052A5EB32A00B58AFA /* TemplatePickerDetailView.swift */; };
		7C7DA1102A5EB32A00B58AFA /* ExerciseListCell.swift in Sources */ = {isa = PBXBuildFile; fileRef = 7C7DA1062A5EB32A00B58AFA /* ExerciseListCell.swift */; };
		7C7DA1112A5EB32A00B58AFA /* ExercisePickerView.swift in Sources */ = {isa = PBXBuildFile; fileRef = 7C7DA1072A5EB32A00B58AFA /* ExercisePickerView.swift */; };
		7C7DA1122A5EB32A00B58AFA /* ExercisesListView.swift in Sources */ = {isa = PBXBuildFile; fileRef = 7C7DA1082A5EB32A00B58AFA /* ExercisesListView.swift */; };
		7C7DA1172A5EB35D00B58AFA /* AddEditViewModel.swift in Sources */ = {isa = PBXBuildFile; fileRef = 7C7DA1142A5EB35D00B58AFA /* AddEditViewModel.swift */; };
		7C7DA1192A5EB35D00B58AFA /* AddEditExerciseView.swift in Sources */ = {isa = PBXBuildFile; fileRef = 7C7DA1162A5EB35D00B58AFA /* AddEditExerciseView.swift */; };
		7C7DA11B2A5EB4DB00B58AFA /* Binding-optionals.swift in Sources */ = {isa = PBXBuildFile; fileRef = 7C7DA11A2A5EB4DB00B58AFA /* Binding-optionals.swift */; };
		7C7DA11D2A5EBC8A00B58AFA /* NewInProgressView.swift in Sources */ = {isa = PBXBuildFile; fileRef = 7C7DA11C2A5EBC8A00B58AFA /* NewInProgressView.swift */; };
		7C7DA1212A5F058A00B58AFA /* ThreeWayPicker.swift in Sources */ = {isa = PBXBuildFile; fileRef = 7C7DA1202A5F058A00B58AFA /* ThreeWayPicker.swift */; };
		7C7DA1232A5F117500B58AFA /* QuickActionButtonView.swift in Sources */ = {isa = PBXBuildFile; fileRef = 7C7DA1222A5F117500B58AFA /* QuickActionButtonView.swift */; };
		7CBAA1B32A5D90DC00DFA31D /* MaxOut2App.swift in Sources */ = {isa = PBXBuildFile; fileRef = 7CBAA1B22A5D90DC00DFA31D /* MaxOut2App.swift */; };
		7CBAA1B72A5D90DE00DFA31D /* Assets.xcassets in Resources */ = {isa = PBXBuildFile; fileRef = 7CBAA1B62A5D90DE00DFA31D /* Assets.xcassets */; };
		7CBAA1BA2A5D90DE00DFA31D /* Preview Assets.xcassets in Resources */ = {isa = PBXBuildFile; fileRef = 7CBAA1B92A5D90DE00DFA31D /* Preview Assets.xcassets */; };
		7CBAA1C22A5D91A800DFA31D /* FirebaseAuth in Frameworks */ = {isa = PBXBuildFile; productRef = 7CBAA1C12A5D91A800DFA31D /* FirebaseAuth */; };
		7CBAA1C42A5D91A800DFA31D /* FirebaseFirestore in Frameworks */ = {isa = PBXBuildFile; productRef = 7CBAA1C32A5D91A800DFA31D /* FirebaseFirestore */; };
		7CBAA1C62A5D91A800DFA31D /* FirebaseFirestoreSwift in Frameworks */ = {isa = PBXBuildFile; productRef = 7CBAA1C52A5D91A800DFA31D /* FirebaseFirestoreSwift */; };
		7CBAA1C82A5D91BC00DFA31D /* GoogleService-Info.plist in Resources */ = {isa = PBXBuildFile; fileRef = 7CBAA1C72A5D91BC00DFA31D /* GoogleService-Info.plist */; };
		7CBAA1CB2A5D91D300DFA31D /* GoogleSignIn in Frameworks */ = {isa = PBXBuildFile; productRef = 7CBAA1CA2A5D91D300DFA31D /* GoogleSignIn */; };
		7CBAA1CD2A5D91D300DFA31D /* GoogleSignInSwift in Frameworks */ = {isa = PBXBuildFile; productRef = 7CBAA1CC2A5D91D300DFA31D /* GoogleSignInSwift */; };
		7CBAA1D32A5D924900DFA31D /* SignInWithAppleHelper.swift in Sources */ = {isa = PBXBuildFile; fileRef = 7CBAA1CF2A5D924900DFA31D /* SignInWithAppleHelper.swift */; };
		7CBAA1D42A5D924900DFA31D /* AuthenticationResultModel.swift in Sources */ = {isa = PBXBuildFile; fileRef = 7CBAA1D02A5D924900DFA31D /* AuthenticationResultModel.swift */; };
		7CBAA1D52A5D924900DFA31D /* FireAuthManager.swift in Sources */ = {isa = PBXBuildFile; fileRef = 7CBAA1D12A5D924900DFA31D /* FireAuthManager.swift */; };
		7CBAA1D62A5D924900DFA31D /* SignInGoogleHelper.swift in Sources */ = {isa = PBXBuildFile; fileRef = 7CBAA1D22A5D924900DFA31D /* SignInGoogleHelper.swift */; };
		7CBAA1D82A5D92B000DFA31D /* SignInUtility.swift in Sources */ = {isa = PBXBuildFile; fileRef = 7CBAA1D72A5D92B000DFA31D /* SignInUtility.swift */; };
		7CBAA1DD2A5D935500DFA31D /* FitUsersManager.swift in Sources */ = {isa = PBXBuildFile; fileRef = 7CBAA1DB2A5D935500DFA31D /* FitUsersManager.swift */; };
		7CBAA1DE2A5D935500DFA31D /* FitUser.swift in Sources */ = {isa = PBXBuildFile; fileRef = 7CBAA1DC2A5D935500DFA31D /* FitUser.swift */; };
		7CBAA1E22A5D93D400DFA31D /* RootView.swift in Sources */ = {isa = PBXBuildFile; fileRef = 7CBAA1E02A5D93D400DFA31D /* RootView.swift */; };
		7CBAA1E32A5D93D400DFA31D /* RootViewModel.swift in Sources */ = {isa = PBXBuildFile; fileRef = 7CBAA1E12A5D93D400DFA31D /* RootViewModel.swift */; };
		7CBAA1F52A5D944400DFA31D /* CreateAccountViewModel.swift in Sources */ = {isa = PBXBuildFile; fileRef = 7CBAA1E62A5D944400DFA31D /* CreateAccountViewModel.swift */; };
		7CBAA1F62A5D944400DFA31D /* CreateAccountView.swift in Sources */ = {isa = PBXBuildFile; fileRef = 7CBAA1E72A5D944400DFA31D /* CreateAccountView.swift */; };
		7CBAA1F72A5D944400DFA31D /* TSTextFieldsView.swift in Sources */ = {isa = PBXBuildFile; fileRef = 7CBAA1E92A5D944400DFA31D /* TSTextFieldsView.swift */; };
		7CBAA1F82A5D944400DFA31D /* ResignKeyboardButton.swift in Sources */ = {isa = PBXBuildFile; fileRef = 7CBAA1EB2A5D944400DFA31D /* ResignKeyboardButton.swift */; };
		7CBAA1F92A5D944400DFA31D /* TSTextField.swift in Sources */ = {isa = PBXBuildFile; fileRef = 7CBAA1EC2A5D944400DFA31D /* TSTextField.swift */; };
		7CBAA1FA2A5D944400DFA31D /* XMarkButton.swift in Sources */ = {isa = PBXBuildFile; fileRef = 7CBAA1ED2A5D944400DFA31D /* XMarkButton.swift */; };
		7CBAA1FB2A5D944400DFA31D /* TSTextFieldsManager.swift in Sources */ = {isa = PBXBuildFile; fileRef = 7CBAA1EE2A5D944400DFA31D /* TSTextFieldsManager.swift */; };
		7CBAA1FC2A5D944400DFA31D /* LoginViewModel.swift in Sources */ = {isa = PBXBuildFile; fileRef = 7CBAA1F02A5D944400DFA31D /* LoginViewModel.swift */; };
		7CBAA1FD2A5D944400DFA31D /* LoginView.swift in Sources */ = {isa = PBXBuildFile; fileRef = 7CBAA1F12A5D944400DFA31D /* LoginView.swift */; };
		7CBAA1FE2A5D944400DFA31D /* SignInWithAppleButton.swift in Sources */ = {isa = PBXBuildFile; fileRef = 7CBAA1F32A5D944400DFA31D /* SignInWithAppleButton.swift */; };
		7CBAA1FF2A5D944400DFA31D /* SignInWithGoogleButton.swift in Sources */ = {isa = PBXBuildFile; fileRef = 7CBAA1F42A5D944400DFA31D /* SignInWithGoogleButton.swift */; };
		7CBAA2032A5D94A600DFA31D /* Constants.swift in Sources */ = {isa = PBXBuildFile; fileRef = 7CBAA2022A5D94A600DFA31D /* Constants.swift */; };
		7CBAA2052A5D94AC00DFA31D /* TextFieldFocus.swift in Sources */ = {isa = PBXBuildFile; fileRef = 7CBAA2042A5D94AC00DFA31D /* TextFieldFocus.swift */; };
		7CBAA20A2A5D94EB00DFA31D /* OnFirstAppear.swift in Sources */ = {isa = PBXBuildFile; fileRef = 7CBAA2072A5D94EB00DFA31D /* OnFirstAppear.swift */; };
		7CBAA20B2A5D94EB00DFA31D /* KeyboardAdaptive.swift in Sources */ = {isa = PBXBuildFile; fileRef = 7CBAA2082A5D94EB00DFA31D /* KeyboardAdaptive.swift */; };
		7CBAA20C2A5D94EB00DFA31D /* CustomTFStyle.swift in Sources */ = {isa = PBXBuildFile; fileRef = 7CBAA2092A5D94EB00DFA31D /* CustomTFStyle.swift */; };
		7CBAA20F2A5D952A00DFA31D /* Bundle-decodable.swift in Sources */ = {isa = PBXBuildFile; fileRef = 7CBAA20E2A5D952A00DFA31D /* Bundle-decodable.swift */; };
		7CBAA2112A5D953500DFA31D /* Resign-onDrag.swift in Sources */ = {isa = PBXBuildFile; fileRef = 7CBAA2102A5D953500DFA31D /* Resign-onDrag.swift */; };
		7CBAA2142A5D954C00DFA31D /* exercises.json in Resources */ = {isa = PBXBuildFile; fileRef = 7CBAA2122A5D954C00DFA31D /* exercises.json */; };
		7CBAA2152A5D954C00DFA31D /* selectedExercises.json in Resources */ = {isa = PBXBuildFile; fileRef = 7CBAA2132A5D954C00DFA31D /* selectedExercises.json */; };
		7CBAA2192A5D964F00DFA31D /* Colors.swift in Sources */ = {isa = PBXBuildFile; fileRef = 7CBAA2182A5D964F00DFA31D /* Colors.swift */; };
		7CBAA21B2A5D96F000DFA31D /* Exercise.swift in Sources */ = {isa = PBXBuildFile; fileRef = 7CBAA21A2A5D96F000DFA31D /* Exercise.swift */; };
/* End PBXBuildFile section */

/* Begin PBXFileReference section */
		7C7DA09D2A5DA2A100B58AFA /* ExercisesManager.swift */ = {isa = PBXFileReference; fileEncoding = 4; lastKnownFileType = sourcecode.swift; path = ExercisesManager.swift; sourceTree = "<group>"; };
		7C7DA09F2A5DA38000B58AFA /* FSExtensions.swift */ = {isa = PBXFileReference; fileEncoding = 4; lastKnownFileType = sourcecode.swift; path = FSExtensions.swift; sourceTree = "<group>"; };
		7C7DA0A12A5DAAB800B58AFA /* Launchscreen.storyboard */ = {isa = PBXFileReference; lastKnownFileType = file.storyboard; path = Launchscreen.storyboard; sourceTree = "<group>"; };
		7C7DA0A32A5DAE2400B58AFA /* Enums.swift */ = {isa = PBXFileReference; fileEncoding = 4; lastKnownFileType = sourcecode.swift; path = Enums.swift; sourceTree = "<group>"; };
		7C7DA0A62A5DAE4100B58AFA /* Session.swift */ = {isa = PBXFileReference; fileEncoding = 4; lastKnownFileType = sourcecode.swift; path = Session.swift; sourceTree = "<group>"; };
		7C7DA0A72A5DAE4100B58AFA /* SessionsManager.swift */ = {isa = PBXFileReference; fileEncoding = 4; lastKnownFileType = sourcecode.swift; path = SessionsManager.swift; sourceTree = "<group>"; };
		7C7DA0A82A5DAE4100B58AFA /* Bob.swift */ = {isa = PBXFileReference; fileEncoding = 4; lastKnownFileType = sourcecode.swift; path = Bob.swift; sourceTree = "<group>"; };
		7C7DA0A92A5DAE4100B58AFA /* Workout.swift */ = {isa = PBXFileReference; fileEncoding = 4; lastKnownFileType = sourcecode.swift; path = Workout.swift; sourceTree = "<group>"; };
		7C7DA0AB2A5DAE4100B58AFA /* RoutinesManager.swift */ = {isa = PBXFileReference; fileEncoding = 4; lastKnownFileType = sourcecode.swift; path = RoutinesManager.swift; sourceTree = "<group>"; };
		7C7DA0AC2A5DAE4100B58AFA /* Routine.swift */ = {isa = PBXFileReference; fileEncoding = 4; lastKnownFileType = sourcecode.swift; path = Routine.swift; sourceTree = "<group>"; };
		7C7DA0B62A5DD36200B58AFA /* LoginAnimation.swift */ = {isa = PBXFileReference; lastKnownFileType = sourcecode.swift; path = LoginAnimation.swift; sourceTree = "<group>"; };
		7C7DA0BA2A5E909600B58AFA /* ParallaxScrollView.swift */ = {isa = PBXFileReference; fileEncoding = 4; lastKnownFileType = sourcecode.swift; path = ParallaxScrollView.swift; sourceTree = "<group>"; };
		7C7DA0BC2A5E93F900B58AFA /* FrostedProgressView.swift */ = {isa = PBXFileReference; lastKnownFileType = sourcecode.swift; path = FrostedProgressView.swift; sourceTree = "<group>"; };
		7C7DA0BF2A5E968900B58AFA /* MainButtonLabel.swift */ = {isa = PBXFileReference; lastKnownFileType = sourcecode.swift; path = MainButtonLabel.swift; sourceTree = "<group>"; };
		7C7DA0C22A5EAFA000B58AFA /* SettingsView.swift */ = {isa = PBXFileReference; fileEncoding = 4; lastKnownFileType = sourcecode.swift; path = SettingsView.swift; sourceTree = "<group>"; };
		7C7DA0C32A5EAFA000B58AFA /* SettingsViewModel.swift */ = {isa = PBXFileReference; fileEncoding = 4; lastKnownFileType = sourcecode.swift; path = SettingsViewModel.swift; sourceTree = "<group>"; };
		7C7DA0C62A5EB03100B58AFA /* StartViewModel.swift */ = {isa = PBXFileReference; fileEncoding = 4; lastKnownFileType = sourcecode.swift; path = StartViewModel.swift; sourceTree = "<group>"; };
		7C7DA0C82A5EB04600B58AFA /* StartContainer.swift */ = {isa = PBXFileReference; fileEncoding = 4; lastKnownFileType = sourcecode.swift; path = StartContainer.swift; sourceTree = "<group>"; };
		7C7DA0CA2A5EB07A00B58AFA /* InProgressView.swift */ = {isa = PBXFileReference; fileEncoding = 4; lastKnownFileType = sourcecode.swift; path = InProgressView.swift; sourceTree = "<group>"; };
		7C7DA0CC2A5EB0AA00B58AFA /* StartPageView.swift */ = {isa = PBXFileReference; fileEncoding = 4; lastKnownFileType = sourcecode.swift; path = StartPageView.swift; sourceTree = "<group>"; };
		7C7DA0D02A5EB0EA00B58AFA /* TSTimerView.swift */ = {isa = PBXFileReference; fileEncoding = 4; lastKnownFileType = sourcecode.swift; path = TSTimerView.swift; sourceTree = "<group>"; };
		7C7DA0D42A5EB0F800B58AFA /* BobView.swift */ = {isa = PBXFileReference; fileEncoding = 4; lastKnownFileType = sourcecode.swift; path = BobView.swift; sourceTree = "<group>"; };
		7C7DA0D52A5EB0F800B58AFA /* SessionView.swift */ = {isa = PBXFileReference; fileEncoding = 4; lastKnownFileType = sourcecode.swift; path = SessionView.swift; sourceTree = "<group>"; };
		7C7DA0DA2A5EB12000B58AFA /* GaugeView.swift */ = {isa = PBXFileReference; fileEncoding = 4; lastKnownFileType = sourcecode.swift; path = GaugeView.swift; sourceTree = "<group>"; };
		7C7DA0E12A5EB16400B58AFA /* TsCalendarView.swift */ = {isa = PBXFileReference; fileEncoding = 4; lastKnownFileType = sourcecode.swift; path = TsCalendarView.swift; sourceTree = "<group>"; };
		7C7DA0E22A5EB16400B58AFA /* TsCalendarViewModel.swift */ = {isa = PBXFileReference; fileEncoding = 4; lastKnownFileType = sourcecode.swift; path = TsCalendarViewModel.swift; sourceTree = "<group>"; };
		7C7DA0E32A5EB16400B58AFA /* WorkoutGrid.swift */ = {isa = PBXFileReference; fileEncoding = 4; lastKnownFileType = sourcecode.swift; path = WorkoutGrid.swift; sourceTree = "<group>"; };
		7C7DA0E42A5EB16400B58AFA /* HistoryViewModel.swift */ = {isa = PBXFileReference; fileEncoding = 4; lastKnownFileType = sourcecode.swift; path = HistoryViewModel.swift; sourceTree = "<group>"; };
		7C7DA0E62A5EB16400B58AFA /* WorkoutDetailView.swift */ = {isa = PBXFileReference; fileEncoding = 4; lastKnownFileType = sourcecode.swift; path = WorkoutDetailView.swift; sourceTree = "<group>"; };
		7C7DA0E72A5EB16400B58AFA /* HistoryView.swift */ = {isa = PBXFileReference; fileEncoding = 4; lastKnownFileType = sourcecode.swift; path = HistoryView.swift; sourceTree = "<group>"; };
		7C7DA0F12A5EB1ED00B58AFA /* TimeInterval-String.swift */ = {isa = PBXFileReference; fileEncoding = 4; lastKnownFileType = sourcecode.swift; path = "TimeInterval-String.swift"; sourceTree = "<group>"; };
		7C7DA0F32A5EB21000B58AFA /* DurationFormatter.swift */ = {isa = PBXFileReference; fileEncoding = 4; lastKnownFileType = sourcecode.swift; path = DurationFormatter.swift; sourceTree = "<group>"; };
		7C7DA0F52A5EB25400B58AFA /* CategoryImageView.swift */ = {isa = PBXFileReference; fileEncoding = 4; lastKnownFileType = sourcecode.swift; path = CategoryImageView.swift; sourceTree = "<group>"; };
		7C7DA0F62A5EB25400B58AFA /* LargeTsButton.swift */ = {isa = PBXFileReference; fileEncoding = 4; lastKnownFileType = sourcecode.swift; path = LargeTsButton.swift; sourceTree = "<group>"; };
		7C7DA0F72A5EB25400B58AFA /* LetterPicker.swift */ = {isa = PBXFileReference; fileEncoding = 4; lastKnownFileType = sourcecode.swift; path = LetterPicker.swift; sourceTree = "<group>"; };
		7C7DA0F82A5EB25400B58AFA /* SmallTsButton.swift */ = {isa = PBXFileReference; fileEncoding = 4; lastKnownFileType = sourcecode.swift; path = SmallTsButton.swift; sourceTree = "<group>"; };
		7C7DA0FE2A5EB32A00B58AFA /* PickerCell.swift */ = {isa = PBXFileReference; fileEncoding = 4; lastKnownFileType = sourcecode.swift; path = PickerCell.swift; sourceTree = "<group>"; };
		7C7DA1002A5EB32A00B58AFA /* TemplatesPickerView.swift */ = {isa = PBXFileReference; fileEncoding = 4; lastKnownFileType = sourcecode.swift; path = TemplatesPickerView.swift; sourceTree = "<group>"; };
		7C7DA1032A5EB32A00B58AFA /* TemplatesPickerViewModel.swift */ = {isa = PBXFileReference; fileEncoding = 4; lastKnownFileType = sourcecode.swift; path = TemplatesPickerViewModel.swift; sourceTree = "<group>"; };
		7C7DA1042A5EB32A00B58AFA /* ExercisesViewModel.swift */ = {isa = PBXFileReference; fileEncoding = 4; lastKnownFileType = sourcecode.swift; path = ExercisesViewModel.swift; sourceTree = "<group>"; };
		7C7DA1052A5EB32A00B58AFA /* TemplatePickerDetailView.swift */ = {isa = PBXFileReference; fileEncoding = 4; lastKnownFileType = sourcecode.swift; path = TemplatePickerDetailView.swift; sourceTree = "<group>"; };
		7C7DA1062A5EB32A00B58AFA /* ExerciseListCell.swift */ = {isa = PBXFileReference; fileEncoding = 4; lastKnownFileType = sourcecode.swift; path = ExerciseListCell.swift; sourceTree = "<group>"; };
		7C7DA1072A5EB32A00B58AFA /* ExercisePickerView.swift */ = {isa = PBXFileReference; fileEncoding = 4; lastKnownFileType = sourcecode.swift; path = ExercisePickerView.swift; sourceTree = "<group>"; };
		7C7DA1082A5EB32A00B58AFA /* ExercisesListView.swift */ = {isa = PBXFileReference; fileEncoding = 4; lastKnownFileType = sourcecode.swift; path = ExercisesListView.swift; sourceTree = "<group>"; };
		7C7DA1142A5EB35D00B58AFA /* AddEditViewModel.swift */ = {isa = PBXFileReference; fileEncoding = 4; lastKnownFileType = sourcecode.swift; path = AddEditViewModel.swift; sourceTree = "<group>"; };
		7C7DA1162A5EB35D00B58AFA /* AddEditExerciseView.swift */ = {isa = PBXFileReference; fileEncoding = 4; lastKnownFileType = sourcecode.swift; path = AddEditExerciseView.swift; sourceTree = "<group>"; };
		7C7DA11A2A5EB4DB00B58AFA /* Binding-optionals.swift */ = {isa = PBXFileReference; fileEncoding = 4; lastKnownFileType = sourcecode.swift; path = "Binding-optionals.swift"; sourceTree = "<group>"; };
		7C7DA11C2A5EBC8A00B58AFA /* NewInProgressView.swift */ = {isa = PBXFileReference; lastKnownFileType = sourcecode.swift; path = NewInProgressView.swift; sourceTree = "<group>"; };
		7C7DA1202A5F058A00B58AFA /* ThreeWayPicker.swift */ = {isa = PBXFileReference; fileEncoding = 4; lastKnownFileType = sourcecode.swift; path = ThreeWayPicker.swift; sourceTree = "<group>"; };
		7C7DA1222A5F117500B58AFA /* QuickActionButtonView.swift */ = {isa = PBXFileReference; lastKnownFileType = sourcecode.swift; path = QuickActionButtonView.swift; sourceTree = "<group>"; };
		7CBAA1AF2A5D90DC00DFA31D /* MaxOut2.app */ = {isa = PBXFileReference; explicitFileType = wrapper.application; includeInIndex = 0; path = MaxOut2.app; sourceTree = BUILT_PRODUCTS_DIR; };
		7CBAA1B22A5D90DC00DFA31D /* MaxOut2App.swift */ = {isa = PBXFileReference; lastKnownFileType = sourcecode.swift; path = MaxOut2App.swift; sourceTree = "<group>"; };
		7CBAA1B62A5D90DE00DFA31D /* Assets.xcassets */ = {isa = PBXFileReference; lastKnownFileType = folder.assetcatalog; path = Assets.xcassets; sourceTree = "<group>"; };
		7CBAA1B92A5D90DE00DFA31D /* Preview Assets.xcassets */ = {isa = PBXFileReference; lastKnownFileType = folder.assetcatalog; path = "Preview Assets.xcassets"; sourceTree = "<group>"; };
		7CBAA1C72A5D91BC00DFA31D /* GoogleService-Info.plist */ = {isa = PBXFileReference; fileEncoding = 4; lastKnownFileType = text.plist.xml; path = "GoogleService-Info.plist"; sourceTree = "<group>"; };
		7CBAA1CF2A5D924900DFA31D /* SignInWithAppleHelper.swift */ = {isa = PBXFileReference; fileEncoding = 4; lastKnownFileType = sourcecode.swift; path = SignInWithAppleHelper.swift; sourceTree = "<group>"; };
		7CBAA1D02A5D924900DFA31D /* AuthenticationResultModel.swift */ = {isa = PBXFileReference; fileEncoding = 4; lastKnownFileType = sourcecode.swift; path = AuthenticationResultModel.swift; sourceTree = "<group>"; };
		7CBAA1D12A5D924900DFA31D /* FireAuthManager.swift */ = {isa = PBXFileReference; fileEncoding = 4; lastKnownFileType = sourcecode.swift; path = FireAuthManager.swift; sourceTree = "<group>"; };
		7CBAA1D22A5D924900DFA31D /* SignInGoogleHelper.swift */ = {isa = PBXFileReference; fileEncoding = 4; lastKnownFileType = sourcecode.swift; path = SignInGoogleHelper.swift; sourceTree = "<group>"; };
		7CBAA1D72A5D92B000DFA31D /* SignInUtility.swift */ = {isa = PBXFileReference; lastKnownFileType = sourcecode.swift; path = SignInUtility.swift; sourceTree = "<group>"; };
		7CBAA1DB2A5D935500DFA31D /* FitUsersManager.swift */ = {isa = PBXFileReference; fileEncoding = 4; lastKnownFileType = sourcecode.swift; path = FitUsersManager.swift; sourceTree = "<group>"; };
		7CBAA1DC2A5D935500DFA31D /* FitUser.swift */ = {isa = PBXFileReference; fileEncoding = 4; lastKnownFileType = sourcecode.swift; path = FitUser.swift; sourceTree = "<group>"; };
		7CBAA1E02A5D93D400DFA31D /* RootView.swift */ = {isa = PBXFileReference; fileEncoding = 4; lastKnownFileType = sourcecode.swift; path = RootView.swift; sourceTree = "<group>"; };
		7CBAA1E12A5D93D400DFA31D /* RootViewModel.swift */ = {isa = PBXFileReference; fileEncoding = 4; lastKnownFileType = sourcecode.swift; path = RootViewModel.swift; sourceTree = "<group>"; };
		7CBAA1E62A5D944400DFA31D /* CreateAccountViewModel.swift */ = {isa = PBXFileReference; fileEncoding = 4; lastKnownFileType = sourcecode.swift; path = CreateAccountViewModel.swift; sourceTree = "<group>"; };
		7CBAA1E72A5D944400DFA31D /* CreateAccountView.swift */ = {isa = PBXFileReference; fileEncoding = 4; lastKnownFileType = sourcecode.swift; path = CreateAccountView.swift; sourceTree = "<group>"; };
		7CBAA1E92A5D944400DFA31D /* TSTextFieldsView.swift */ = {isa = PBXFileReference; fileEncoding = 4; lastKnownFileType = sourcecode.swift; path = TSTextFieldsView.swift; sourceTree = "<group>"; };
		7CBAA1EB2A5D944400DFA31D /* ResignKeyboardButton.swift */ = {isa = PBXFileReference; fileEncoding = 4; lastKnownFileType = sourcecode.swift; path = ResignKeyboardButton.swift; sourceTree = "<group>"; };
		7CBAA1EC2A5D944400DFA31D /* TSTextField.swift */ = {isa = PBXFileReference; fileEncoding = 4; lastKnownFileType = sourcecode.swift; path = TSTextField.swift; sourceTree = "<group>"; };
		7CBAA1ED2A5D944400DFA31D /* XMarkButton.swift */ = {isa = PBXFileReference; fileEncoding = 4; lastKnownFileType = sourcecode.swift; path = XMarkButton.swift; sourceTree = "<group>"; };
		7CBAA1EE2A5D944400DFA31D /* TSTextFieldsManager.swift */ = {isa = PBXFileReference; fileEncoding = 4; lastKnownFileType = sourcecode.swift; path = TSTextFieldsManager.swift; sourceTree = "<group>"; };
		7CBAA1F02A5D944400DFA31D /* LoginViewModel.swift */ = {isa = PBXFileReference; fileEncoding = 4; lastKnownFileType = sourcecode.swift; path = LoginViewModel.swift; sourceTree = "<group>"; };
		7CBAA1F12A5D944400DFA31D /* LoginView.swift */ = {isa = PBXFileReference; fileEncoding = 4; lastKnownFileType = sourcecode.swift; path = LoginView.swift; sourceTree = "<group>"; };
		7CBAA1F32A5D944400DFA31D /* SignInWithAppleButton.swift */ = {isa = PBXFileReference; fileEncoding = 4; lastKnownFileType = sourcecode.swift; path = SignInWithAppleButton.swift; sourceTree = "<group>"; };
		7CBAA1F42A5D944400DFA31D /* SignInWithGoogleButton.swift */ = {isa = PBXFileReference; fileEncoding = 4; lastKnownFileType = sourcecode.swift; path = SignInWithGoogleButton.swift; sourceTree = "<group>"; };
		7CBAA2022A5D94A600DFA31D /* Constants.swift */ = {isa = PBXFileReference; fileEncoding = 4; lastKnownFileType = sourcecode.swift; path = Constants.swift; sourceTree = "<group>"; };
		7CBAA2042A5D94AC00DFA31D /* TextFieldFocus.swift */ = {isa = PBXFileReference; fileEncoding = 4; lastKnownFileType = sourcecode.swift; path = TextFieldFocus.swift; sourceTree = "<group>"; };
		7CBAA2072A5D94EB00DFA31D /* OnFirstAppear.swift */ = {isa = PBXFileReference; fileEncoding = 4; lastKnownFileType = sourcecode.swift; path = OnFirstAppear.swift; sourceTree = "<group>"; };
		7CBAA2082A5D94EB00DFA31D /* KeyboardAdaptive.swift */ = {isa = PBXFileReference; fileEncoding = 4; lastKnownFileType = sourcecode.swift; path = KeyboardAdaptive.swift; sourceTree = "<group>"; };
		7CBAA2092A5D94EB00DFA31D /* CustomTFStyle.swift */ = {isa = PBXFileReference; fileEncoding = 4; lastKnownFileType = sourcecode.swift; path = CustomTFStyle.swift; sourceTree = "<group>"; };
		7CBAA20E2A5D952A00DFA31D /* Bundle-decodable.swift */ = {isa = PBXFileReference; fileEncoding = 4; lastKnownFileType = sourcecode.swift; path = "Bundle-decodable.swift"; sourceTree = "<group>"; };
		7CBAA2102A5D953500DFA31D /* Resign-onDrag.swift */ = {isa = PBXFileReference; fileEncoding = 4; lastKnownFileType = sourcecode.swift; path = "Resign-onDrag.swift"; sourceTree = "<group>"; };
		7CBAA2122A5D954C00DFA31D /* exercises.json */ = {isa = PBXFileReference; fileEncoding = 4; lastKnownFileType = text.json; path = exercises.json; sourceTree = "<group>"; };
		7CBAA2132A5D954C00DFA31D /* selectedExercises.json */ = {isa = PBXFileReference; fileEncoding = 4; lastKnownFileType = text.json; path = selectedExercises.json; sourceTree = "<group>"; };
		7CBAA2172A5D958700DFA31D /* MaxOut2.entitlements */ = {isa = PBXFileReference; lastKnownFileType = text.plist.entitlements; path = MaxOut2.entitlements; sourceTree = "<group>"; };
		7CBAA2182A5D964F00DFA31D /* Colors.swift */ = {isa = PBXFileReference; fileEncoding = 4; lastKnownFileType = sourcecode.swift; path = Colors.swift; sourceTree = "<group>"; };
		7CBAA21A2A5D96F000DFA31D /* Exercise.swift */ = {isa = PBXFileReference; lastKnownFileType = sourcecode.swift; path = Exercise.swift; sourceTree = "<group>"; };
		7CBAA21C2A5D9BC500DFA31D /* Info.plist */ = {isa = PBXFileReference; lastKnownFileType = text.plist; path = Info.plist; sourceTree = "<group>"; };
/* End PBXFileReference section */

/* Begin PBXFrameworksBuildPhase section */
		7CBAA1AC2A5D90DC00DFA31D /* Frameworks */ = {
			isa = PBXFrameworksBuildPhase;
			buildActionMask = 2147483647;
			files = (
				7CBAA1CD2A5D91D300DFA31D /* GoogleSignInSwift in Frameworks */,
				7C7DA0F02A5EB1AA00B58AFA /* SwiftUICalendar in Frameworks */,
				7C7DA0DE2A5EB15300B58AFA /* SwipeActions in Frameworks */,
				7CBAA1C22A5D91A800DFA31D /* FirebaseAuth in Frameworks */,
				7CBAA1CB2A5D91D300DFA31D /* GoogleSignIn in Frameworks */,
				7CBAA1C42A5D91A800DFA31D /* FirebaseFirestore in Frameworks */,
				7CBAA1C62A5D91A800DFA31D /* FirebaseFirestoreSwift in Frameworks */,
			);
			runOnlyForDeploymentPostprocessing = 0;
		};
/* End PBXFrameworksBuildPhase section */

/* Begin PBXGroup section */
		7C7DA09B2A5DA01B00B58AFA /* Components */ = {
			isa = PBXGroup;
			children = (
				7C7DA0D92A5EB0FF00B58AFA /* InProgress */,
				7CBAA1F22A5D944400DFA31D /* SSO */,
				7CBAA1E82A5D944400DFA31D /* TSTextFieldsView */,
				7C7DA0D22A5EB0F800B58AFA /* SessionView */,
				7C7DA0CF2A5EB0EA00B58AFA /* TSTimer */,
				7C7DA0F72A5EB25400B58AFA /* LetterPicker.swift */,
				7C7DA0BA2A5E909600B58AFA /* ParallaxScrollView.swift */,
				7C7DA0F52A5EB25400B58AFA /* CategoryImageView.swift */,
				7C7DA0F82A5EB25400B58AFA /* SmallTsButton.swift */,
				7C7DA0F62A5EB25400B58AFA /* LargeTsButton.swift */,
				7C7DA1202A5F058A00B58AFA /* ThreeWayPicker.swift */,
				7C7DA1222A5F117500B58AFA /* QuickActionButtonView.swift */,
				7C7DA0BC2A5E93F900B58AFA /* FrostedProgressView.swift */,
				7C7DA0DA2A5EB12000B58AFA /* GaugeView.swift */,
			);
			path = Components;
			sourceTree = "<group>";
		};
		7C7DA09C2A5DA22800B58AFA /* Exercise */ = {
			isa = PBXGroup;
			children = (
				7C7DA09D2A5DA2A100B58AFA /* ExercisesManager.swift */,
				7CBAA21A2A5D96F000DFA31D /* Exercise.swift */,
			);
			path = Exercise;
			sourceTree = "<group>";
		};
		7C7DA0A52A5DAE4100B58AFA /* Session */ = {
			isa = PBXGroup;
			children = (
				7C7DA0A72A5DAE4100B58AFA /* SessionsManager.swift */,
				7C7DA0A62A5DAE4100B58AFA /* Session.swift */,
				7C7DA0A82A5DAE4100B58AFA /* Bob.swift */,
			);
			path = Session;
			sourceTree = "<group>";
		};
		7C7DA0AA2A5DAE4100B58AFA /* Routine */ = {
			isa = PBXGroup;
			children = (
				7C7DA0AB2A5DAE4100B58AFA /* RoutinesManager.swift */,
				7C7DA0AC2A5DAE4100B58AFA /* Routine.swift */,
			);
			path = Routine;
			sourceTree = "<group>";
		};
		7C7DA0BE2A5E943900B58AFA /* Core */ = {
			isa = PBXGroup;
			children = (
				7CBAA1E02A5D93D400DFA31D /* RootView.swift */,
				7CBAA1E12A5D93D400DFA31D /* RootViewModel.swift */,
				7C7DA1132A5EB35D00B58AFA /* AddEditView */,
				7C7DA0FD2A5EB32A00B58AFA /* ExercisesView */,
				7C7DA0CE2A5EB0C100B58AFA /* StartWorkoutView */,
				7C7DA0DF2A5EB16400B58AFA /* HistoryView */,
				7C7DA0C12A5EAFA000B58AFA /* SettingsView */,
			);
			path = Core;
			sourceTree = "<group>";
		};
		7C7DA0C12A5EAFA000B58AFA /* SettingsView */ = {
			isa = PBXGroup;
			children = (
				7C7DA0C22A5EAFA000B58AFA /* SettingsView.swift */,
				7C7DA0C32A5EAFA000B58AFA /* SettingsViewModel.swift */,
			);
			path = SettingsView;
			sourceTree = "<group>";
		};
		7C7DA0CE2A5EB0C100B58AFA /* StartWorkoutView */ = {
			isa = PBXGroup;
			children = (
				7C7DA0C82A5EB04600B58AFA /* StartContainer.swift */,
				7C7DA0CC2A5EB0AA00B58AFA /* StartPageView.swift */,
				7C7DA0CA2A5EB07A00B58AFA /* InProgressView.swift */,
				7C7DA0C62A5EB03100B58AFA /* StartViewModel.swift */,
				7C7DA11C2A5EBC8A00B58AFA /* NewInProgressView.swift */,
			);
			path = StartWorkoutView;
			sourceTree = "<group>";
		};
		7C7DA0CF2A5EB0EA00B58AFA /* TSTimer */ = {
			isa = PBXGroup;
			children = (
				7C7DA0D02A5EB0EA00B58AFA /* TSTimerView.swift */,
			);
			path = TSTimer;
			sourceTree = "<group>";
		};
		7C7DA0D22A5EB0F800B58AFA /* SessionView */ = {
			isa = PBXGroup;
			children = (
				7C7DA0D42A5EB0F800B58AFA /* BobView.swift */,
				7C7DA0D52A5EB0F800B58AFA /* SessionView.swift */,
			);
			path = SessionView;
			sourceTree = "<group>";
		};
		7C7DA0D92A5EB0FF00B58AFA /* InProgress */ = {
			isa = PBXGroup;
			children = (
			);
			path = InProgress;
			sourceTree = "<group>";
		};
		7C7DA0DF2A5EB16400B58AFA /* HistoryView */ = {
			isa = PBXGroup;
			children = (
				7C7DA0E52A5EB16400B58AFA /* WorkoutDetailView */,
				7C7DA0E02A5EB16400B58AFA /* TsCalendarView */,
				7C7DA0E32A5EB16400B58AFA /* WorkoutGrid.swift */,
				7C7DA0E72A5EB16400B58AFA /* HistoryView.swift */,
				7C7DA0E42A5EB16400B58AFA /* HistoryViewModel.swift */,
			);
			path = HistoryView;
			sourceTree = "<group>";
		};
		7C7DA0E02A5EB16400B58AFA /* TsCalendarView */ = {
			isa = PBXGroup;
			children = (
				7C7DA0E12A5EB16400B58AFA /* TsCalendarView.swift */,
				7C7DA0E22A5EB16400B58AFA /* TsCalendarViewModel.swift */,
			);
			path = TsCalendarView;
			sourceTree = "<group>";
		};
		7C7DA0E52A5EB16400B58AFA /* WorkoutDetailView */ = {
			isa = PBXGroup;
			children = (
				7C7DA0E62A5EB16400B58AFA /* WorkoutDetailView.swift */,
			);
			path = WorkoutDetailView;
			sourceTree = "<group>";
		};
		7C7DA0FD2A5EB32A00B58AFA /* ExercisesView */ = {
			isa = PBXGroup;
			children = (
				7C7DA1042A5EB32A00B58AFA /* ExercisesViewModel.swift */,
				7C7DA0FF2A5EB32A00B58AFA /* TemplatePickerView */,
				7C7DA0FE2A5EB32A00B58AFA /* PickerCell.swift */,
				7C7DA1072A5EB32A00B58AFA /* ExercisePickerView.swift */,
				7C7DA1062A5EB32A00B58AFA /* ExerciseListCell.swift */,
				7C7DA1082A5EB32A00B58AFA /* ExercisesListView.swift */,
			);
			path = ExercisesView;
			sourceTree = "<group>";
		};
		7C7DA0FF2A5EB32A00B58AFA /* TemplatePickerView */ = {
			isa = PBXGroup;
			children = (
				7C7DA1032A5EB32A00B58AFA /* TemplatesPickerViewModel.swift */,
				7C7DA1052A5EB32A00B58AFA /* TemplatePickerDetailView.swift */,
				7C7DA1002A5EB32A00B58AFA /* TemplatesPickerView.swift */,
			);
			path = TemplatePickerView;
			sourceTree = "<group>";
		};
		7C7DA1132A5EB35D00B58AFA /* AddEditView */ = {
			isa = PBXGroup;
			children = (
				7C7DA1142A5EB35D00B58AFA /* AddEditViewModel.swift */,
				7C7DA1162A5EB35D00B58AFA /* AddEditExerciseView.swift */,
			);
			path = AddEditView;
			sourceTree = "<group>";
		};
		7CBAA1A62A5D90DC00DFA31D = {
			isa = PBXGroup;
			children = (
				7CBAA1B12A5D90DC00DFA31D /* MaxOut2 */,
				7CBAA1B02A5D90DC00DFA31D /* Products */,
			);
			sourceTree = "<group>";
		};
		7CBAA1B02A5D90DC00DFA31D /* Products */ = {
			isa = PBXGroup;
			children = (
				7CBAA1AF2A5D90DC00DFA31D /* MaxOut2.app */,
			);
			name = Products;
			sourceTree = "<group>";
		};
		7CBAA1B12A5D90DC00DFA31D /* MaxOut2 */ = {
			isa = PBXGroup;
			children = (
				7CBAA21C2A5D9BC500DFA31D /* Info.plist */,
				7CBAA1B22A5D90DC00DFA31D /* MaxOut2App.swift */,
				7CBAA2172A5D958700DFA31D /* MaxOut2.entitlements */,
				7CBAA1DF2A5D935600DFA31D /* Model */,
				7CBAA2002A5D944600DFA31D /* VVM */,
				7CBAA2012A5D949200DFA31D /* Helpers */,
				7CBAA2162A5D955500DFA31D /* Other */,
				7CBAA1B82A5D90DE00DFA31D /* Preview Content */,
				7C7DA0A12A5DAAB800B58AFA /* Launchscreen.storyboard */,
			);
			path = MaxOut2;
			sourceTree = "<group>";
		};
		7CBAA1B82A5D90DE00DFA31D /* Preview Content */ = {
			isa = PBXGroup;
			children = (
				7CBAA1B92A5D90DE00DFA31D /* Preview Assets.xcassets */,
			);
			path = "Preview Content";
			sourceTree = "<group>";
		};
		7CBAA1CE2A5D924900DFA31D /* Firebase */ = {
			isa = PBXGroup;
			children = (
				7CBAA1D02A5D924900DFA31D /* AuthenticationResultModel.swift */,
				7CBAA1D12A5D924900DFA31D /* FireAuthManager.swift */,
				7CBAA1D22A5D924900DFA31D /* SignInGoogleHelper.swift */,
				7CBAA1CF2A5D924900DFA31D /* SignInWithAppleHelper.swift */,
			);
			path = Firebase;
			sourceTree = "<group>";
		};
		7CBAA1D92A5D92BB00DFA31D /* Utilities */ = {
			isa = PBXGroup;
			children = (
				7CBAA1D72A5D92B000DFA31D /* SignInUtility.swift */,
				7C7DA0F32A5EB21000B58AFA /* DurationFormatter.swift */,
			);
			path = Utilities;
			sourceTree = "<group>";
		};
		7CBAA1DA2A5D935500DFA31D /* FitUser */ = {
			isa = PBXGroup;
			children = (
				7CBAA1DB2A5D935500DFA31D /* FitUsersManager.swift */,
				7CBAA1DC2A5D935500DFA31D /* FitUser.swift */,
			);
			path = FitUser;
			sourceTree = "<group>";
		};
		7CBAA1DF2A5D935600DFA31D /* Model */ = {
			isa = PBXGroup;
			children = (
				7C7DA0A32A5DAE2400B58AFA /* Enums.swift */,
				7CBAA1CE2A5D924900DFA31D /* Firebase */,
				7CBAA1DA2A5D935500DFA31D /* FitUser */,
				7C7DA09C2A5DA22800B58AFA /* Exercise */,
				7C7DA0A52A5DAE4100B58AFA /* Session */,
				7C7DA0AA2A5DAE4100B58AFA /* Routine */,
				7C7DA0A92A5DAE4100B58AFA /* Workout.swift */,
			);
			path = Model;
			sourceTree = "<group>";
		};
		7CBAA1E42A5D944400DFA31D /* Authentication */ = {
			isa = PBXGroup;
			children = (
				7CBAA1E52A5D944400DFA31D /* CreateAccountView */,
				7CBAA1EF2A5D944400DFA31D /* LoginView */,
			);
			path = Authentication;
			sourceTree = "<group>";
		};
		7CBAA1E52A5D944400DFA31D /* CreateAccountView */ = {
			isa = PBXGroup;
			children = (
				7CBAA1E62A5D944400DFA31D /* CreateAccountViewModel.swift */,
				7CBAA1E72A5D944400DFA31D /* CreateAccountView.swift */,
			);
			path = CreateAccountView;
			sourceTree = "<group>";
		};
		7CBAA1E82A5D944400DFA31D /* TSTextFieldsView */ = {
			isa = PBXGroup;
			children = (
				7CBAA1EA2A5D944400DFA31D /* Components */,
				7CBAA1E92A5D944400DFA31D /* TSTextFieldsView.swift */,
				7CBAA1EE2A5D944400DFA31D /* TSTextFieldsManager.swift */,
			);
			path = TSTextFieldsView;
			sourceTree = "<group>";
		};
		7CBAA1EA2A5D944400DFA31D /* Components */ = {
			isa = PBXGroup;
			children = (
				7CBAA1EC2A5D944400DFA31D /* TSTextField.swift */,
				7CBAA1ED2A5D944400DFA31D /* XMarkButton.swift */,
				7CBAA1EB2A5D944400DFA31D /* ResignKeyboardButton.swift */,
			);
			path = Components;
			sourceTree = "<group>";
		};
		7CBAA1EF2A5D944400DFA31D /* LoginView */ = {
			isa = PBXGroup;
			children = (
				7CBAA1F02A5D944400DFA31D /* LoginViewModel.swift */,
				7CBAA1F12A5D944400DFA31D /* LoginView.swift */,
			);
			path = LoginView;
			sourceTree = "<group>";
		};
		7CBAA1F22A5D944400DFA31D /* SSO */ = {
			isa = PBXGroup;
			children = (
				7CBAA1F32A5D944400DFA31D /* SignInWithAppleButton.swift */,
				7CBAA1F42A5D944400DFA31D /* SignInWithGoogleButton.swift */,
			);
			path = SSO;
			sourceTree = "<group>";
		};
		7CBAA2002A5D944600DFA31D /* VVM */ = {
			isa = PBXGroup;
			children = (
				7C7DA09B2A5DA01B00B58AFA /* Components */,
				7CBAA1E42A5D944400DFA31D /* Authentication */,
				7C7DA0BE2A5E943900B58AFA /* Core */,
			);
			path = VVM;
			sourceTree = "<group>";
		};
		7CBAA2012A5D949200DFA31D /* Helpers */ = {
			isa = PBXGroup;
			children = (
				7CBAA1D92A5D92BB00DFA31D /* Utilities */,
				7CBAA20D2A5D952000DFA31D /* Extensions */,
				7CBAA2062A5D94EB00DFA31D /* ViewModifiers */,
				7CBAA2042A5D94AC00DFA31D /* TextFieldFocus.swift */,
				7CBAA2022A5D94A600DFA31D /* Constants.swift */,
			);
			path = Helpers;
			sourceTree = "<group>";
		};
		7CBAA2062A5D94EB00DFA31D /* ViewModifiers */ = {
			isa = PBXGroup;
			children = (
				7C7DA0BF2A5E968900B58AFA /* MainButtonLabel.swift */,
				7C7DA0B62A5DD36200B58AFA /* LoginAnimation.swift */,
				7CBAA2102A5D953500DFA31D /* Resign-onDrag.swift */,
				7CBAA2072A5D94EB00DFA31D /* OnFirstAppear.swift */,
				7CBAA2082A5D94EB00DFA31D /* KeyboardAdaptive.swift */,
				7CBAA2092A5D94EB00DFA31D /* CustomTFStyle.swift */,
			);
			path = ViewModifiers;
			sourceTree = "<group>";
		};
		7CBAA20D2A5D952000DFA31D /* Extensions */ = {
			isa = PBXGroup;
			children = (
				7C7DA11A2A5EB4DB00B58AFA /* Binding-optionals.swift */,
				7C7DA0F12A5EB1ED00B58AFA /* TimeInterval-String.swift */,
				7CBAA2182A5D964F00DFA31D /* Colors.swift */,
				7C7DA09F2A5DA38000B58AFA /* FSExtensions.swift */,
				7CBAA20E2A5D952A00DFA31D /* Bundle-decodable.swift */,
			);
			path = Extensions;
			sourceTree = "<group>";
		};
		7CBAA2162A5D955500DFA31D /* Other */ = {
			isa = PBXGroup;
			children = (
				7CBAA1B62A5D90DE00DFA31D /* Assets.xcassets */,
				7CBAA2122A5D954C00DFA31D /* exercises.json */,
				7CBAA2132A5D954C00DFA31D /* selectedExercises.json */,
				7CBAA1C72A5D91BC00DFA31D /* GoogleService-Info.plist */,
			);
			path = Other;
			sourceTree = "<group>";
		};
/* End PBXGroup section */

/* Begin PBXNativeTarget section */
		7CBAA1AE2A5D90DC00DFA31D /* MaxOut2 */ = {
			isa = PBXNativeTarget;
			buildConfigurationList = 7CBAA1BD2A5D90DE00DFA31D /* Build configuration list for PBXNativeTarget "MaxOut2" */;
			buildPhases = (
				7CBAA1AB2A5D90DC00DFA31D /* Sources */,
				7CBAA1AC2A5D90DC00DFA31D /* Frameworks */,
				7CBAA1AD2A5D90DC00DFA31D /* Resources */,
			);
			buildRules = (
			);
			dependencies = (
			);
			name = MaxOut2;
			packageProductDependencies = (
				7CBAA1C12A5D91A800DFA31D /* FirebaseAuth */,
				7CBAA1C32A5D91A800DFA31D /* FirebaseFirestore */,
				7CBAA1C52A5D91A800DFA31D /* FirebaseFirestoreSwift */,
				7CBAA1CA2A5D91D300DFA31D /* GoogleSignIn */,
				7CBAA1CC2A5D91D300DFA31D /* GoogleSignInSwift */,
				7C7DA0DD2A5EB15300B58AFA /* SwipeActions */,
				7C7DA0EF2A5EB1AA00B58AFA /* SwiftUICalendar */,
			);
			productName = MaxOut2;
			productReference = 7CBAA1AF2A5D90DC00DFA31D /* MaxOut2.app */;
			productType = "com.apple.product-type.application";
		};
/* End PBXNativeTarget section */

/* Begin PBXProject section */
		7CBAA1A72A5D90DC00DFA31D /* Project object */ = {
			isa = PBXProject;
			attributes = {
				BuildIndependentTargetsInParallel = 1;
				LastSwiftUpdateCheck = 1430;
				LastUpgradeCheck = 1430;
				TargetAttributes = {
					7CBAA1AE2A5D90DC00DFA31D = {
						CreatedOnToolsVersion = 14.3.1;
					};
				};
			};
			buildConfigurationList = 7CBAA1AA2A5D90DC00DFA31D /* Build configuration list for PBXProject "MaxOut2" */;
			compatibilityVersion = "Xcode 14.0";
			developmentRegion = en;
			hasScannedForEncodings = 0;
			knownRegions = (
				en,
				Base,
			);
			mainGroup = 7CBAA1A62A5D90DC00DFA31D;
			packageReferences = (
				7CBAA1C02A5D91A800DFA31D /* XCRemoteSwiftPackageReference "firebase-ios-sdk" */,
				7CBAA1C92A5D91D300DFA31D /* XCRemoteSwiftPackageReference "GoogleSignIn-iOS" */,
				7C7DA0DC2A5EB15300B58AFA /* XCRemoteSwiftPackageReference "SwipeActions" */,
				7C7DA0EE2A5EB1AA00B58AFA /* XCRemoteSwiftPackageReference "SwiftUICalendar" */,
			);
			productRefGroup = 7CBAA1B02A5D90DC00DFA31D /* Products */;
			projectDirPath = "";
			projectRoot = "";
			targets = (
				7CBAA1AE2A5D90DC00DFA31D /* MaxOut2 */,
			);
		};
/* End PBXProject section */

/* Begin PBXResourcesBuildPhase section */
		7CBAA1AD2A5D90DC00DFA31D /* Resources */ = {
			isa = PBXResourcesBuildPhase;
			buildActionMask = 2147483647;
			files = (
				7CBAA1BA2A5D90DE00DFA31D /* Preview Assets.xcassets in Resources */,
				7CBAA2152A5D954C00DFA31D /* selectedExercises.json in Resources */,
				7CBAA2142A5D954C00DFA31D /* exercises.json in Resources */,
				7C7DA0A22A5DAAB800B58AFA /* Launchscreen.storyboard in Resources */,
				7CBAA1B72A5D90DE00DFA31D /* Assets.xcassets in Resources */,
				7CBAA1C82A5D91BC00DFA31D /* GoogleService-Info.plist in Resources */,
			);
			runOnlyForDeploymentPostprocessing = 0;
		};
/* End PBXResourcesBuildPhase section */

/* Begin PBXSourcesBuildPhase section */
		7CBAA1AB2A5D90DC00DFA31D /* Sources */ = {
			isa = PBXSourcesBuildPhase;
			buildActionMask = 2147483647;
			files = (
				7C7DA1212A5F058A00B58AFA /* ThreeWayPicker.swift in Sources */,
				7C7DA0FC2A5EB25400B58AFA /* SmallTsButton.swift in Sources */,
				7CBAA20B2A5D94EB00DFA31D /* KeyboardAdaptive.swift in Sources */,
				7CBAA1FE2A5D944400DFA31D /* SignInWithAppleButton.swift in Sources */,
				7CBAA2032A5D94A600DFA31D /* Constants.swift in Sources */,
				7C7DA0C02A5E968900B58AFA /* MainButtonLabel.swift in Sources */,
				7CBAA1E32A5D93D400DFA31D /* RootViewModel.swift in Sources */,
				7C7DA0D82A5EB0F800B58AFA /* SessionView.swift in Sources */,
				7CBAA2052A5D94AC00DFA31D /* TextFieldFocus.swift in Sources */,
				7C7DA10A2A5EB32A00B58AFA /* TemplatesPickerView.swift in Sources */,
				7C7DA1112A5EB32A00B58AFA /* ExercisePickerView.swift in Sources */,
				7C7DA10D2A5EB32A00B58AFA /* TemplatesPickerViewModel.swift in Sources */,
				7C7DA0EB2A5EB16400B58AFA /* HistoryViewModel.swift in Sources */,
				7CBAA21B2A5D96F000DFA31D /* Exercise.swift in Sources */,
				7C7DA1172A5EB35D00B58AFA /* AddEditViewModel.swift in Sources */,
				7CBAA20F2A5D952A00DFA31D /* Bundle-decodable.swift in Sources */,
				7CBAA2112A5D953500DFA31D /* Resign-onDrag.swift in Sources */,
				7CBAA1DD2A5D935500DFA31D /* FitUsersManager.swift in Sources */,
				7C7DA0AE2A5DAE4100B58AFA /* SessionsManager.swift in Sources */,
				7CBAA1F82A5D944400DFA31D /* ResignKeyboardButton.swift in Sources */,
				7C7DA0A42A5DAE2500B58AFA /* Enums.swift in Sources */,
				7CBAA1B32A5D90DC00DFA31D /* MaxOut2App.swift in Sources */,
				7CBAA1D42A5D924900DFA31D /* AuthenticationResultModel.swift in Sources */,
				7C7DA0B22A5DAE4100B58AFA /* Routine.swift in Sources */,
				7CBAA1DE2A5D935500DFA31D /* FitUser.swift in Sources */,
				7CBAA1D52A5D924900DFA31D /* FireAuthManager.swift in Sources */,
				7C7DA0F42A5EB21000B58AFA /* DurationFormatter.swift in Sources */,
				7CBAA1F62A5D944400DFA31D /* CreateAccountView.swift in Sources */,
				7CBAA1FC2A5D944400DFA31D /* LoginViewModel.swift in Sources */,
				7CBAA20A2A5D94EB00DFA31D /* OnFirstAppear.swift in Sources */,
				7C7DA0F92A5EB25400B58AFA /* CategoryImageView.swift in Sources */,
				7C7DA0C42A5EAFA000B58AFA /* SettingsView.swift in Sources */,
				7C7DA0CB2A5EB07A00B58AFA /* InProgressView.swift in Sources */,
				7C7DA0AD2A5DAE4100B58AFA /* Session.swift in Sources */,
				7C7DA0FA2A5EB25400B58AFA /* LargeTsButton.swift in Sources */,
				7C7DA0EC2A5EB16400B58AFA /* WorkoutDetailView.swift in Sources */,
				7CBAA1E22A5D93D400DFA31D /* RootView.swift in Sources */,
				7C7DA0CD2A5EB0AA00B58AFA /* StartPageView.swift in Sources */,
				7C7DA0EA2A5EB16400B58AFA /* WorkoutGrid.swift in Sources */,
				7C7DA1232A5F117500B58AFA /* QuickActionButtonView.swift in Sources */,
				7CBAA1FF2A5D944400DFA31D /* SignInWithGoogleButton.swift in Sources */,
				7C7DA0B12A5DAE4100B58AFA /* RoutinesManager.swift in Sources */,
				7CBAA1F52A5D944400DFA31D /* CreateAccountViewModel.swift in Sources */,
				7C7DA0D72A5EB0F800B58AFA /* BobView.swift in Sources */,
				7C7DA0BD2A5E93F900B58AFA /* FrostedProgressView.swift in Sources */,
				7CBAA1F72A5D944400DFA31D /* TSTextFieldsView.swift in Sources */,
				7C7DA0ED2A5EB16400B58AFA /* HistoryView.swift in Sources */,
				7C7DA0DB2A5EB12000B58AFA /* GaugeView.swift in Sources */,
				7C7DA09E2A5DA2A100B58AFA /* ExercisesManager.swift in Sources */,
				7C7DA0F22A5EB1ED00B58AFA /* TimeInterval-String.swift in Sources */,
				7C7DA1092A5EB32A00B58AFA /* PickerCell.swift in Sources */,
				7C7DA0A02A5DA38000B58AFA /* FSExtensions.swift in Sources */,
				7C7DA0C72A5EB03200B58AFA /* StartViewModel.swift in Sources */,
				7CBAA2192A5D964F00DFA31D /* Colors.swift in Sources */,
				7C7DA0AF2A5DAE4100B58AFA /* Bob.swift in Sources */,
				7CBAA20C2A5D94EB00DFA31D /* CustomTFStyle.swift in Sources */,
				7C7DA11D2A5EBC8A00B58AFA /* NewInProgressView.swift in Sources */,
				7C7DA1192A5EB35D00B58AFA /* AddEditExerciseView.swift in Sources */,
				7CBAA1FA2A5D944400DFA31D /* XMarkButton.swift in Sources */,
				7C7DA0C52A5EAFA000B58AFA /* SettingsViewModel.swift in Sources */,
				7C7DA0C92A5EB04600B58AFA /* StartContainer.swift in Sources */,
				7C7DA0B72A5DD36200B58AFA /* LoginAnimation.swift in Sources */,
				7C7DA0FB2A5EB25400B58AFA /* LetterPicker.swift in Sources */,
				7C7DA1122A5EB32A00B58AFA /* ExercisesListView.swift in Sources */,
				7CBAA1D62A5D924900DFA31D /* SignInGoogleHelper.swift in Sources */,
				7C7DA0E82A5EB16400B58AFA /* TsCalendarView.swift in Sources */,
				7CBAA1D82A5D92B000DFA31D /* SignInUtility.swift in Sources */,
				7C7DA11B2A5EB4DB00B58AFA /* Binding-optionals.swift in Sources */,
				7C7DA0D12A5EB0EA00B58AFA /* TSTimerView.swift in Sources */,
				7C7DA0E92A5EB16400B58AFA /* TsCalendarViewModel.swift in Sources */,
				7C7DA0B02A5DAE4100B58AFA /* Workout.swift in Sources */,
				7C7DA10E2A5EB32A00B58AFA /* ExercisesViewModel.swift in Sources */,
				7CBAA1FB2A5D944400DFA31D /* TSTextFieldsManager.swift in Sources */,
				7CBAA1FD2A5D944400DFA31D /* LoginView.swift in Sources */,
				7C7DA1102A5EB32A00B58AFA /* ExerciseListCell.swift in Sources */,
				7CBAA1D32A5D924900DFA31D /* SignInWithAppleHelper.swift in Sources */,
				7C7DA0BB2A5E909600B58AFA /* ParallaxScrollView.swift in Sources */,
				7CBAA1F92A5D944400DFA31D /* TSTextField.swift in Sources */,
				7C7DA10F2A5EB32A00B58AFA /* TemplatePickerDetailView.swift in Sources */,
			);
			runOnlyForDeploymentPostprocessing = 0;
		};
/* End PBXSourcesBuildPhase section */

/* Begin XCBuildConfiguration section */
		7CBAA1BB2A5D90DE00DFA31D /* Debug */ = {
			isa = XCBuildConfiguration;
			buildSettings = {
				ALWAYS_SEARCH_USER_PATHS = NO;
				CLANG_ANALYZER_NONNULL = YES;
				CLANG_ANALYZER_NUMBER_OBJECT_CONVERSION = YES_AGGRESSIVE;
				CLANG_CXX_LANGUAGE_STANDARD = "gnu++20";
				CLANG_ENABLE_MODULES = YES;
				CLANG_ENABLE_OBJC_ARC = YES;
				CLANG_ENABLE_OBJC_WEAK = YES;
				CLANG_WARN_BLOCK_CAPTURE_AUTORELEASING = YES;
				CLANG_WARN_BOOL_CONVERSION = YES;
				CLANG_WARN_COMMA = YES;
				CLANG_WARN_CONSTANT_CONVERSION = YES;
				CLANG_WARN_DEPRECATED_OBJC_IMPLEMENTATIONS = YES;
				CLANG_WARN_DIRECT_OBJC_ISA_USAGE = YES_ERROR;
				CLANG_WARN_DOCUMENTATION_COMMENTS = YES;
				CLANG_WARN_EMPTY_BODY = YES;
				CLANG_WARN_ENUM_CONVERSION = YES;
				CLANG_WARN_INFINITE_RECURSION = YES;
				CLANG_WARN_INT_CONVERSION = YES;
				CLANG_WARN_NON_LITERAL_NULL_CONVERSION = YES;
				CLANG_WARN_OBJC_IMPLICIT_RETAIN_SELF = YES;
				CLANG_WARN_OBJC_LITERAL_CONVERSION = YES;
				CLANG_WARN_OBJC_ROOT_CLASS = YES_ERROR;
				CLANG_WARN_QUOTED_INCLUDE_IN_FRAMEWORK_HEADER = YES;
				CLANG_WARN_RANGE_LOOP_ANALYSIS = YES;
				CLANG_WARN_STRICT_PROTOTYPES = YES;
				CLANG_WARN_SUSPICIOUS_MOVE = YES;
				CLANG_WARN_UNGUARDED_AVAILABILITY = YES_AGGRESSIVE;
				CLANG_WARN_UNREACHABLE_CODE = YES;
				CLANG_WARN__DUPLICATE_METHOD_MATCH = YES;
				COPY_PHASE_STRIP = NO;
				DEBUG_INFORMATION_FORMAT = dwarf;
				ENABLE_STRICT_OBJC_MSGSEND = YES;
				ENABLE_TESTABILITY = YES;
				GCC_C_LANGUAGE_STANDARD = gnu11;
				GCC_DYNAMIC_NO_PIC = NO;
				GCC_NO_COMMON_BLOCKS = YES;
				GCC_OPTIMIZATION_LEVEL = 0;
				GCC_PREPROCESSOR_DEFINITIONS = (
					"DEBUG=1",
					"$(inherited)",
				);
				GCC_WARN_64_TO_32_BIT_CONVERSION = YES;
				GCC_WARN_ABOUT_RETURN_TYPE = YES_ERROR;
				GCC_WARN_UNDECLARED_SELECTOR = YES;
				GCC_WARN_UNINITIALIZED_AUTOS = YES_AGGRESSIVE;
				GCC_WARN_UNUSED_FUNCTION = YES;
				GCC_WARN_UNUSED_VARIABLE = YES;
				IPHONEOS_DEPLOYMENT_TARGET = 16.4;
				MTL_ENABLE_DEBUG_INFO = INCLUDE_SOURCE;
				MTL_FAST_MATH = YES;
				ONLY_ACTIVE_ARCH = YES;
				SDKROOT = iphoneos;
				SWIFT_ACTIVE_COMPILATION_CONDITIONS = DEBUG;
				SWIFT_OPTIMIZATION_LEVEL = "-Onone";
			};
			name = Debug;
		};
		7CBAA1BC2A5D90DE00DFA31D /* Release */ = {
			isa = XCBuildConfiguration;
			buildSettings = {
				ALWAYS_SEARCH_USER_PATHS = NO;
				CLANG_ANALYZER_NONNULL = YES;
				CLANG_ANALYZER_NUMBER_OBJECT_CONVERSION = YES_AGGRESSIVE;
				CLANG_CXX_LANGUAGE_STANDARD = "gnu++20";
				CLANG_ENABLE_MODULES = YES;
				CLANG_ENABLE_OBJC_ARC = YES;
				CLANG_ENABLE_OBJC_WEAK = YES;
				CLANG_WARN_BLOCK_CAPTURE_AUTORELEASING = YES;
				CLANG_WARN_BOOL_CONVERSION = YES;
				CLANG_WARN_COMMA = YES;
				CLANG_WARN_CONSTANT_CONVERSION = YES;
				CLANG_WARN_DEPRECATED_OBJC_IMPLEMENTATIONS = YES;
				CLANG_WARN_DIRECT_OBJC_ISA_USAGE = YES_ERROR;
				CLANG_WARN_DOCUMENTATION_COMMENTS = YES;
				CLANG_WARN_EMPTY_BODY = YES;
				CLANG_WARN_ENUM_CONVERSION = YES;
				CLANG_WARN_INFINITE_RECURSION = YES;
				CLANG_WARN_INT_CONVERSION = YES;
				CLANG_WARN_NON_LITERAL_NULL_CONVERSION = YES;
				CLANG_WARN_OBJC_IMPLICIT_RETAIN_SELF = YES;
				CLANG_WARN_OBJC_LITERAL_CONVERSION = YES;
				CLANG_WARN_OBJC_ROOT_CLASS = YES_ERROR;
				CLANG_WARN_QUOTED_INCLUDE_IN_FRAMEWORK_HEADER = YES;
				CLANG_WARN_RANGE_LOOP_ANALYSIS = YES;
				CLANG_WARN_STRICT_PROTOTYPES = YES;
				CLANG_WARN_SUSPICIOUS_MOVE = YES;
				CLANG_WARN_UNGUARDED_AVAILABILITY = YES_AGGRESSIVE;
				CLANG_WARN_UNREACHABLE_CODE = YES;
				CLANG_WARN__DUPLICATE_METHOD_MATCH = YES;
				COPY_PHASE_STRIP = NO;
				DEBUG_INFORMATION_FORMAT = "dwarf-with-dsym";
				ENABLE_NS_ASSERTIONS = NO;
				ENABLE_STRICT_OBJC_MSGSEND = YES;
				GCC_C_LANGUAGE_STANDARD = gnu11;
				GCC_NO_COMMON_BLOCKS = YES;
				GCC_WARN_64_TO_32_BIT_CONVERSION = YES;
				GCC_WARN_ABOUT_RETURN_TYPE = YES_ERROR;
				GCC_WARN_UNDECLARED_SELECTOR = YES;
				GCC_WARN_UNINITIALIZED_AUTOS = YES_AGGRESSIVE;
				GCC_WARN_UNUSED_FUNCTION = YES;
				GCC_WARN_UNUSED_VARIABLE = YES;
				IPHONEOS_DEPLOYMENT_TARGET = 16.4;
				MTL_ENABLE_DEBUG_INFO = NO;
				MTL_FAST_MATH = YES;
				SDKROOT = iphoneos;
				SWIFT_COMPILATION_MODE = wholemodule;
				SWIFT_OPTIMIZATION_LEVEL = "-O";
				VALIDATE_PRODUCT = YES;
			};
			name = Release;
		};
		7CBAA1BE2A5D90DE00DFA31D /* Debug */ = {
			isa = XCBuildConfiguration;
			buildSettings = {
				ASSETCATALOG_COMPILER_APPICON_NAME = AppIcon;
				ASSETCATALOG_COMPILER_GLOBAL_ACCENT_COLOR_NAME = AccentColor;
				CODE_SIGN_ENTITLEMENTS = MaxOut2/MaxOut2.entitlements;
				CODE_SIGN_STYLE = Automatic;
				CURRENT_PROJECT_VERSION = 1;
				DEVELOPMENT_ASSET_PATHS = "\"MaxOut2/Preview Content\"";
				DEVELOPMENT_TEAM = CLM5L23Y57;
				ENABLE_PREVIEWS = YES;
				GENERATE_INFOPLIST_FILE = YES;
				INFOPLIST_FILE = MaxOut2/Info.plist;
				INFOPLIST_KEY_LSApplicationCategoryType = "";
				INFOPLIST_KEY_UIApplicationSceneManifest_Generation = YES;
				INFOPLIST_KEY_UIApplicationSupportsIndirectInputEvents = YES;
				INFOPLIST_KEY_UILaunchScreen_Generation = YES;
				INFOPLIST_KEY_UILaunchStoryboardName = Launchscreen.storyboard;
				INFOPLIST_KEY_UISupportedInterfaceOrientations_iPad = "UIInterfaceOrientationPortrait UIInterfaceOrientationPortraitUpsideDown UIInterfaceOrientationLandscapeLeft UIInterfaceOrientationLandscapeRight";
				INFOPLIST_KEY_UISupportedInterfaceOrientations_iPhone = "UIInterfaceOrientationPortrait UIInterfaceOrientationLandscapeLeft UIInterfaceOrientationLandscapeRight";
				LD_RUNPATH_SEARCH_PATHS = (
					"$(inherited)",
					"@executable_path/Frameworks",
				);
				MARKETING_VERSION = 1.0;
				PRODUCT_BUNDLE_IDENTIFIER = co.uk.lorenzopolato.MaxOut2;
				PRODUCT_NAME = "$(TARGET_NAME)";
				SWIFT_EMIT_LOC_STRINGS = YES;
				SWIFT_VERSION = 5.0;
				TARGETED_DEVICE_FAMILY = "1,2";
			};
			name = Debug;
		};
		7CBAA1BF2A5D90DE00DFA31D /* Release */ = {
			isa = XCBuildConfiguration;
			buildSettings = {
				ASSETCATALOG_COMPILER_APPICON_NAME = AppIcon;
				ASSETCATALOG_COMPILER_GLOBAL_ACCENT_COLOR_NAME = AccentColor;
				CODE_SIGN_ENTITLEMENTS = MaxOut2/MaxOut2.entitlements;
				CODE_SIGN_STYLE = Automatic;
				CURRENT_PROJECT_VERSION = 1;
				DEVELOPMENT_ASSET_PATHS = "\"MaxOut2/Preview Content\"";
				DEVELOPMENT_TEAM = CLM5L23Y57;
				ENABLE_PREVIEWS = YES;
				GENERATE_INFOPLIST_FILE = YES;
				INFOPLIST_FILE = MaxOut2/Info.plist;
				INFOPLIST_KEY_LSApplicationCategoryType = "";
				INFOPLIST_KEY_UIApplicationSceneManifest_Generation = YES;
				INFOPLIST_KEY_UIApplicationSupportsIndirectInputEvents = YES;
				INFOPLIST_KEY_UILaunchScreen_Generation = YES;
				INFOPLIST_KEY_UILaunchStoryboardName = Launchscreen.storyboard;
				INFOPLIST_KEY_UISupportedInterfaceOrientations_iPad = "UIInterfaceOrientationPortrait UIInterfaceOrientationPortraitUpsideDown UIInterfaceOrientationLandscapeLeft UIInterfaceOrientationLandscapeRight";
				INFOPLIST_KEY_UISupportedInterfaceOrientations_iPhone = "UIInterfaceOrientationPortrait UIInterfaceOrientationLandscapeLeft UIInterfaceOrientationLandscapeRight";
				LD_RUNPATH_SEARCH_PATHS = (
					"$(inherited)",
					"@executable_path/Frameworks",
				);
				MARKETING_VERSION = 1.0;
				PRODUCT_BUNDLE_IDENTIFIER = co.uk.lorenzopolato.MaxOut2;
				PRODUCT_NAME = "$(TARGET_NAME)";
				SWIFT_EMIT_LOC_STRINGS = YES;
				SWIFT_VERSION = 5.0;
				TARGETED_DEVICE_FAMILY = "1,2";
			};
			name = Release;
		};
/* End XCBuildConfiguration section */

/* Begin XCConfigurationList section */
		7CBAA1AA2A5D90DC00DFA31D /* Build configuration list for PBXProject "MaxOut2" */ = {
			isa = XCConfigurationList;
			buildConfigurations = (
				7CBAA1BB2A5D90DE00DFA31D /* Debug */,
				7CBAA1BC2A5D90DE00DFA31D /* Release */,
			);
			defaultConfigurationIsVisible = 0;
			defaultConfigurationName = Release;
		};
		7CBAA1BD2A5D90DE00DFA31D /* Build configuration list for PBXNativeTarget "MaxOut2" */ = {
			isa = XCConfigurationList;
			buildConfigurations = (
				7CBAA1BE2A5D90DE00DFA31D /* Debug */,
				7CBAA1BF2A5D90DE00DFA31D /* Release */,
			);
			defaultConfigurationIsVisible = 0;
			defaultConfigurationName = Release;
		};
/* End XCConfigurationList section */

/* Begin XCRemoteSwiftPackageReference section */
		7C7DA0DC2A5EB15300B58AFA /* XCRemoteSwiftPackageReference "SwipeActions" */ = {
			isa = XCRemoteSwiftPackageReference;
			repositoryURL = "https://github.com/aheze/SwipeActions";
			requirement = {
				kind = upToNextMajorVersion;
				minimumVersion = 1.1.0;
			};
		};
		7C7DA0EE2A5EB1AA00B58AFA /* XCRemoteSwiftPackageReference "SwiftUICalendar" */ = {
			isa = XCRemoteSwiftPackageReference;
			repositoryURL = "https://github.com/GGJJack/SwiftUICalendar.git";
			requirement = {
				kind = upToNextMajorVersion;
				minimumVersion = 0.1.14;
			};
		};
		7CBAA1C02A5D91A800DFA31D /* XCRemoteSwiftPackageReference "firebase-ios-sdk" */ = {
			isa = XCRemoteSwiftPackageReference;
			repositoryURL = "https://github.com/firebase/firebase-ios-sdk";
			requirement = {
				kind = upToNextMajorVersion;
				minimumVersion = 10.0.0;
			};
		};
		7CBAA1C92A5D91D300DFA31D /* XCRemoteSwiftPackageReference "GoogleSignIn-iOS" */ = {
			isa = XCRemoteSwiftPackageReference;
			repositoryURL = "https://github.com/google/GoogleSignIn-iOS";
			requirement = {
				kind = upToNextMajorVersion;
				minimumVersion = 7.0.0;
			};
		};
/* End XCRemoteSwiftPackageReference section */

/* Begin XCSwiftPackageProductDependency section */
		7C7DA0DD2A5EB15300B58AFA /* SwipeActions */ = {
			isa = XCSwiftPackageProductDependency;
			package = 7C7DA0DC2A5EB15300B58AFA /* XCRemoteSwiftPackageReference "SwipeActions" */;
			productName = SwipeActions;
		};
		7C7DA0EF2A5EB1AA00B58AFA /* SwiftUICalendar */ = {
			isa = XCSwiftPackageProductDependency;
			package = 7C7DA0EE2A5EB1AA00B58AFA /* XCRemoteSwiftPackageReference "SwiftUICalendar" */;
			productName = SwiftUICalendar;
		};
		7CBAA1C12A5D91A800DFA31D /* FirebaseAuth */ = {
			isa = XCSwiftPackageProductDependency;
			package = 7CBAA1C02A5D91A800DFA31D /* XCRemoteSwiftPackageReference "firebase-ios-sdk" */;
			productName = FirebaseAuth;
		};
		7CBAA1C32A5D91A800DFA31D /* FirebaseFirestore */ = {
			isa = XCSwiftPackageProductDependency;
			package = 7CBAA1C02A5D91A800DFA31D /* XCRemoteSwiftPackageReference "firebase-ios-sdk" */;
			productName = FirebaseFirestore;
		};
		7CBAA1C52A5D91A800DFA31D /* FirebaseFirestoreSwift */ = {
			isa = XCSwiftPackageProductDependency;
			package = 7CBAA1C02A5D91A800DFA31D /* XCRemoteSwiftPackageReference "firebase-ios-sdk" */;
			productName = FirebaseFirestoreSwift;
		};
		7CBAA1CA2A5D91D300DFA31D /* GoogleSignIn */ = {
			isa = XCSwiftPackageProductDependency;
			package = 7CBAA1C92A5D91D300DFA31D /* XCRemoteSwiftPackageReference "GoogleSignIn-iOS" */;
			productName = GoogleSignIn;
		};
		7CBAA1CC2A5D91D300DFA31D /* GoogleSignInSwift */ = {
			isa = XCSwiftPackageProductDependency;
			package = 7CBAA1C92A5D91D300DFA31D /* XCRemoteSwiftPackageReference "GoogleSignIn-iOS" */;
			productName = GoogleSignInSwift;
		};
/* End XCSwiftPackageProductDependency section */
	};
	rootObject = 7CBAA1A72A5D90DC00DFA31D /* Project object */;
}
