// !$*UTF8*$!
{
	archiveVersion = 1;
	classes = {
	};
	objectVersion = 56;
	objects = {

/* Begin PBXBuildFile section */
		7C1555C72A6A84E2005C2855 /* WeightView.swift in Sources */ = {isa = PBXBuildFile; fileRef = 7C1555C62A6A84E2005C2855 /* WeightView.swift */; };
		7C1555C92A6A98C8005C2855 /* CalendarWidget.swift in Sources */ = {isa = PBXBuildFile; fileRef = 7C1555C82A6A98C8005C2855 /* CalendarWidget.swift */; };
		7C1555CB2A6B0B3C005C2855 /* GridHeader.swift in Sources */ = {isa = PBXBuildFile; fileRef = 7C1555CA2A6B0B3C005C2855 /* GridHeader.swift */; };
		7C1555D22A6BB4B4005C2855 /* RadarChart.swift in Sources */ = {isa = PBXBuildFile; fileRef = 7C1555D12A6BB4B4005C2855 /* RadarChart.swift */; };
		7C1555D42A6BDF44005C2855 /* RadarMock.swift in Sources */ = {isa = PBXBuildFile; fileRef = 7C1555D32A6BDF44005C2855 /* RadarMock.swift */; };
		7C1555D62A6C0087005C2855 /* ExerciseTimeView.swift in Sources */ = {isa = PBXBuildFile; fileRef = 7C1555D52A6C0087005C2855 /* ExerciseTimeView.swift */; };
		7C1555D82A6FCBC0005C2855 /* DismissButton.swift in Sources */ = {isa = PBXBuildFile; fileRef = 7C1555D72A6FCBC0005C2855 /* DismissButton.swift */; };
		7C1555DA2A701469005C2855 /* ThreeWayPicker.swift in Sources */ = {isa = PBXBuildFile; fileRef = 7C1555D92A701469005C2855 /* ThreeWayPicker.swift */; };
		7C1555DC2A710F2E005C2855 /* TimeRange.swift in Sources */ = {isa = PBXBuildFile; fileRef = 7C1555DB2A710F2E005C2855 /* TimeRange.swift */; };
		7C1555DE2A71214C005C2855 /* Date.swift in Sources */ = {isa = PBXBuildFile; fileRef = 7C1555DD2A71214C005C2855 /* Date.swift */; };
		7C32044B2A79369000A25650 /* BottomSheet in Frameworks */ = {isa = PBXBuildFile; productRef = 7C32044A2A79369000A25650 /* BottomSheet */; };
		7C5F26552A84EB9D0074A837 /* KgRepsTF.swift in Sources */ = {isa = PBXBuildFile; fileRef = 7C5F26542A84EB9D0074A837 /* KgRepsTF.swift */; };
		7C5F26572A863D8E0074A837 /* KmTF.swift in Sources */ = {isa = PBXBuildFile; fileRef = 7C5F26562A863D8E0074A837 /* KmTF.swift */; };
		7C5F26592A863F6E0074A837 /* InputView.swift in Sources */ = {isa = PBXBuildFile; fileRef = 7C5F26582A863F6E0074A837 /* InputView.swift */; };
		7C5F265B2A86457F0074A837 /* StringInputView.swift in Sources */ = {isa = PBXBuildFile; fileRef = 7C5F265A2A86457F0074A837 /* StringInputView.swift */; };
		7C666A9A2A8B898600880D45 /* UserStat.swift in Sources */ = {isa = PBXBuildFile; fileRef = 7C666A992A8B898600880D45 /* UserStat.swift */; };
		7C666A9C2A8B8C7400880D45 /* StatsManager.swift in Sources */ = {isa = PBXBuildFile; fileRef = 7C666A9B2A8B8C7400880D45 /* StatsManager.swift */; };
		7C666A9E2A8BC8AD00880D45 /* FileManView.swift in Sources */ = {isa = PBXBuildFile; fileRef = 7C666A9D2A8BC8AD00880D45 /* FileManView.swift */; };
		7C666AA02A8D1B6A00880D45 /* SealImage.swift in Sources */ = {isa = PBXBuildFile; fileRef = 7C666A9F2A8D1B6A00880D45 /* SealImage.swift */; };
		7C6FE5012A7E55710017C0A9 /* NavBar.swift in Sources */ = {isa = PBXBuildFile; fileRef = 7C6FE5002A7E55710017C0A9 /* NavBar.swift */; };
		7C6FE5032A7E58EE0017C0A9 /* NavContainer.swift in Sources */ = {isa = PBXBuildFile; fileRef = 7C6FE5022A7E58EE0017C0A9 /* NavContainer.swift */; };
		7C6FE5052A7EAF050017C0A9 /* UINavController.swift in Sources */ = {isa = PBXBuildFile; fileRef = 7C6FE5042A7EAF050017C0A9 /* UINavController.swift */; };
		7C6FE5072A7EB0450017C0A9 /* NavLink.swift in Sources */ = {isa = PBXBuildFile; fileRef = 7C6FE5062A7EB0450017C0A9 /* NavLink.swift */; };
		7C6FE5092A7EB2C80017C0A9 /* NavBarPK.swift in Sources */ = {isa = PBXBuildFile; fileRef = 7C6FE5082A7EB2C80017C0A9 /* NavBarPK.swift */; };
		7C6FE56A2A7FFF440017C0A9 /* AlphabetScrollBar in Frameworks */ = {isa = PBXBuildFile; productRef = 7C6FE5692A7FFF440017C0A9 /* AlphabetScrollBar */; };
		7C6FE5722A80EC5A0017C0A9 /* DurationPicker.swift in Sources */ = {isa = PBXBuildFile; fileRef = 7C6FE5712A80EC5A0017C0A9 /* DurationPicker.swift */; };
		7C7DA09E2A5DA2A100B58AFA /* ExercisesManager.swift in Sources */ = {isa = PBXBuildFile; fileRef = 7C7DA09D2A5DA2A100B58AFA /* ExercisesManager.swift */; };
		7C7DA0A02A5DA38000B58AFA /* FSExtensions.swift in Sources */ = {isa = PBXBuildFile; fileRef = 7C7DA09F2A5DA38000B58AFA /* FSExtensions.swift */; };
		7C7DA0A22A5DAAB800B58AFA /* Launchscreen.storyboard in Resources */ = {isa = PBXBuildFile; fileRef = 7C7DA0A12A5DAAB800B58AFA /* Launchscreen.storyboard */; };
		7C7DA0A42A5DAE2500B58AFA /* Enums.swift in Sources */ = {isa = PBXBuildFile; fileRef = 7C7DA0A32A5DAE2400B58AFA /* Enums.swift */; };
		7C7DA0AD2A5DAE4100B58AFA /* Session.swift in Sources */ = {isa = PBXBuildFile; fileRef = 7C7DA0A62A5DAE4100B58AFA /* Session.swift */; };
		7C7DA0AE2A5DAE4100B58AFA /* SessionsManager.swift in Sources */ = {isa = PBXBuildFile; fileRef = 7C7DA0A72A5DAE4100B58AFA /* SessionsManager.swift */; };
		7C7DA0AF2A5DAE4100B58AFA /* Bob.swift in Sources */ = {isa = PBXBuildFile; fileRef = 7C7DA0A82A5DAE4100B58AFA /* Bob.swift */; };
		7C7DA0B02A5DAE4100B58AFA /* Workout.swift in Sources */ = {isa = PBXBuildFile; fileRef = 7C7DA0A92A5DAE4100B58AFA /* Workout.swift */; };
		7C7DA0B12A5DAE4100B58AFA /* RoutinesManager.swift in Sources */ = {isa = PBXBuildFile; fileRef = 7C7DA0AB2A5DAE4100B58AFA /* RoutinesManager.swift */; };
		7C7DA0B22A5DAE4100B58AFA /* Routine.swift in Sources */ = {isa = PBXBuildFile; fileRef = 7C7DA0AC2A5DAE4100B58AFA /* Routine.swift */; };
		7C7DA0B72A5DD36200B58AFA /* LoginAnimation.swift in Sources */ = {isa = PBXBuildFile; fileRef = 7C7DA0B62A5DD36200B58AFA /* LoginAnimation.swift */; };
		7C7DA0BB2A5E909600B58AFA /* ParallaxScrollView.swift in Sources */ = {isa = PBXBuildFile; fileRef = 7C7DA0BA2A5E909600B58AFA /* ParallaxScrollView.swift */; };
		7C7DA0BD2A5E93F900B58AFA /* FrostedProgressView.swift in Sources */ = {isa = PBXBuildFile; fileRef = 7C7DA0BC2A5E93F900B58AFA /* FrostedProgressView.swift */; };
		7C7DA0C02A5E968900B58AFA /* MainButtonLabel.swift in Sources */ = {isa = PBXBuildFile; fileRef = 7C7DA0BF2A5E968900B58AFA /* MainButtonLabel.swift */; };
		7C7DA0C42A5EAFA000B58AFA /* ProfileView.swift in Sources */ = {isa = PBXBuildFile; fileRef = 7C7DA0C22A5EAFA000B58AFA /* ProfileView.swift */; };
		7C7DA0C52A5EAFA000B58AFA /* DiaryViewModel.swift in Sources */ = {isa = PBXBuildFile; fileRef = 7C7DA0C32A5EAFA000B58AFA /* DiaryViewModel.swift */; };
		7C7DA0C72A5EB03200B58AFA /* StartViewModel.swift in Sources */ = {isa = PBXBuildFile; fileRef = 7C7DA0C62A5EB03100B58AFA /* StartViewModel.swift */; };
		7C7DA0C92A5EB04600B58AFA /* StartContainer.swift in Sources */ = {isa = PBXBuildFile; fileRef = 7C7DA0C82A5EB04600B58AFA /* StartContainer.swift */; };
		7C7DA0D12A5EB0EA00B58AFA /* TSTimerView.swift in Sources */ = {isa = PBXBuildFile; fileRef = 7C7DA0D02A5EB0EA00B58AFA /* TSTimerView.swift */; };
		7C7DA0D72A5EB0F800B58AFA /* BobView.swift in Sources */ = {isa = PBXBuildFile; fileRef = 7C7DA0D42A5EB0F800B58AFA /* BobView.swift */; };
		7C7DA0D82A5EB0F800B58AFA /* SessionView.swift in Sources */ = {isa = PBXBuildFile; fileRef = 7C7DA0D52A5EB0F800B58AFA /* SessionView.swift */; };
		7C7DA0DB2A5EB12000B58AFA /* BobGauge.swift in Sources */ = {isa = PBXBuildFile; fileRef = 7C7DA0DA2A5EB12000B58AFA /* BobGauge.swift */; };
		7C7DA0DE2A5EB15300B58AFA /* SwipeActions in Frameworks */ = {isa = PBXBuildFile; productRef = 7C7DA0DD2A5EB15300B58AFA /* SwipeActions */; };
		7C7DA0E82A5EB16400B58AFA /* TsCalendarView.swift in Sources */ = {isa = PBXBuildFile; fileRef = 7C7DA0E12A5EB16400B58AFA /* TsCalendarView.swift */; };
		7C7DA0E92A5EB16400B58AFA /* TsCalendarViewModel.swift in Sources */ = {isa = PBXBuildFile; fileRef = 7C7DA0E22A5EB16400B58AFA /* TsCalendarViewModel.swift */; };
		7C7DA0EA2A5EB16400B58AFA /* WorkoutGrid.swift in Sources */ = {isa = PBXBuildFile; fileRef = 7C7DA0E32A5EB16400B58AFA /* WorkoutGrid.swift */; };
		7C7DA0EB2A5EB16400B58AFA /* HistoryViewModel.swift in Sources */ = {isa = PBXBuildFile; fileRef = 7C7DA0E42A5EB16400B58AFA /* HistoryViewModel.swift */; };
		7C7DA0EC2A5EB16400B58AFA /* WorkoutDetailView.swift in Sources */ = {isa = PBXBuildFile; fileRef = 7C7DA0E62A5EB16400B58AFA /* WorkoutDetailView.swift */; };
		7C7DA0ED2A5EB16400B58AFA /* HistoryView.swift in Sources */ = {isa = PBXBuildFile; fileRef = 7C7DA0E72A5EB16400B58AFA /* HistoryView.swift */; };
		7C7DA0F02A5EB1AA00B58AFA /* SwiftUICalendar in Frameworks */ = {isa = PBXBuildFile; productRef = 7C7DA0EF2A5EB1AA00B58AFA /* SwiftUICalendar */; };
		7C7DA0F22A5EB1ED00B58AFA /* TimeInterval-String.swift in Sources */ = {isa = PBXBuildFile; fileRef = 7C7DA0F12A5EB1ED00B58AFA /* TimeInterval-String.swift */; };
		7C7DA0F42A5EB21000B58AFA /* DurationFormatter.swift in Sources */ = {isa = PBXBuildFile; fileRef = 7C7DA0F32A5EB21000B58AFA /* DurationFormatter.swift */; };
		7C7DA0F92A5EB25400B58AFA /* BodyPartImageView.swift in Sources */ = {isa = PBXBuildFile; fileRef = 7C7DA0F52A5EB25400B58AFA /* BodyPartImageView.swift */; };
		7C7DA0FA2A5EB25400B58AFA /* LargeTsButton.swift in Sources */ = {isa = PBXBuildFile; fileRef = 7C7DA0F62A5EB25400B58AFA /* LargeTsButton.swift */; };
		7C7DA0FC2A5EB25400B58AFA /* SmallTsButton.swift in Sources */ = {isa = PBXBuildFile; fileRef = 7C7DA0F82A5EB25400B58AFA /* SmallTsButton.swift */; };
		7C7DA10E2A5EB32A00B58AFA /* ExercisesViewModel.swift in Sources */ = {isa = PBXBuildFile; fileRef = 7C7DA1042A5EB32A00B58AFA /* ExercisesViewModel.swift */; };
		7C7DA1102A5EB32A00B58AFA /* CellLabel.swift in Sources */ = {isa = PBXBuildFile; fileRef = 7C7DA1062A5EB32A00B58AFA /* CellLabel.swift */; };
		7C7DA1122A5EB32A00B58AFA /* ExercisesListView.swift in Sources */ = {isa = PBXBuildFile; fileRef = 7C7DA1082A5EB32A00B58AFA /* ExercisesListView.swift */; };
		7C7DA11B2A5EB4DB00B58AFA /* Binding-optionals.swift in Sources */ = {isa = PBXBuildFile; fileRef = 7C7DA11A2A5EB4DB00B58AFA /* Binding-optionals.swift */; };
		7C7DA11D2A5EBC8A00B58AFA /* InProgressView.swift in Sources */ = {isa = PBXBuildFile; fileRef = 7C7DA11C2A5EBC8A00B58AFA /* InProgressView.swift */; };
		7C7DA1252A5FF8FC00B58AFA /* SectionIndexTitles.swift in Sources */ = {isa = PBXBuildFile; fileRef = 7C7DA1242A5FF8FC00B58AFA /* SectionIndexTitles.swift */; };
		7C7DA1272A6018C300B58AFA /* CellStyle.swift in Sources */ = {isa = PBXBuildFile; fileRef = 7C7DA1262A6018C300B58AFA /* CellStyle.swift */; };
		7C7DA1292A604B2600B58AFA /* SeshController.swift in Sources */ = {isa = PBXBuildFile; fileRef = 7C7DA1282A604B2600B58AFA /* SeshController.swift */; };
		7C7DA12E2A61713100B58AFA /* BobContainer.swift in Sources */ = {isa = PBXBuildFile; fileRef = 7C7DA12D2A61713100B58AFA /* BobContainer.swift */; };
		7C7DA1332A63FA3600B58AFA /* BottomSheetView.swift in Sources */ = {isa = PBXBuildFile; fileRef = 7C7DA1322A63FA3600B58AFA /* BottomSheetView.swift */; };
		7C7DA1352A65544000B58AFA /* DiaryView.swift in Sources */ = {isa = PBXBuildFile; fileRef = 7C7DA1342A65544000B58AFA /* DiaryView.swift */; };
		7CA6CDE72A65995D006FDBD4 /* GoodColors.swift in Sources */ = {isa = PBXBuildFile; fileRef = 7CA6CDE62A65995D006FDBD4 /* GoodColors.swift */; };
		7CA6CE1E2A66E8E0006FDBD4 /* HealthKitManager.swift in Sources */ = {isa = PBXBuildFile; fileRef = 7CA6CE1D2A66E8E0006FDBD4 /* HealthKitManager.swift */; };
		7CA6CE222A66E8ED006FDBD4 /* HealthStat.swift in Sources */ = {isa = PBXBuildFile; fileRef = 7CA6CE202A66E8ED006FDBD4 /* HealthStat.swift */; };
		7CA6CE232A66E8ED006FDBD4 /* Activity.swift in Sources */ = {isa = PBXBuildFile; fileRef = 7CA6CE212A66E8ED006FDBD4 /* Activity.swift */; };
		7CA6CE292A66ED47006FDBD4 /* ExerciseMinutesWidget.swift in Sources */ = {isa = PBXBuildFile; fileRef = 7CA6CE282A66ED47006FDBD4 /* ExerciseMinutesWidget.swift */; };
		7CB371AD2A79607A00A8AD76 /* ExercisesPicker.swift in Sources */ = {isa = PBXBuildFile; fileRef = 7CB371AC2A79607A00A8AD76 /* ExercisesPicker.swift */; };
		7CB371AF2A79608300A8AD76 /* PickerCell.swift in Sources */ = {isa = PBXBuildFile; fileRef = 7CB371AE2A79608300A8AD76 /* PickerCell.swift */; };
		7CB371B42A7A758800A8AD76 /* CustomBar.swift in Sources */ = {isa = PBXBuildFile; fileRef = 7CB371B32A7A758800A8AD76 /* CustomBar.swift */; };
		7CB371B62A7A7B0B00A8AD76 /* TabBarView.swift in Sources */ = {isa = PBXBuildFile; fileRef = 7CB371B52A7A7B0B00A8AD76 /* TabBarView.swift */; };
		7CB371B82A7A7EDC00A8AD76 /* TabBarItemsPreferenceKey.swift in Sources */ = {isa = PBXBuildFile; fileRef = 7CB371B72A7A7EDC00A8AD76 /* TabBarItemsPreferenceKey.swift */; };
		7CB371BA2A7A820900A8AD76 /* TabBarItem.swift in Sources */ = {isa = PBXBuildFile; fileRef = 7CB371B92A7A820900A8AD76 /* TabBarItem.swift */; };
		7CB371BC2A7AAAB600A8AD76 /* ParallaxModifier.swift in Sources */ = {isa = PBXBuildFile; fileRef = 7CB371BB2A7AAAB600A8AD76 /* ParallaxModifier.swift */; };
		7CB371BE2A7AB06D00A8AD76 /* ConditionalModifier.swift in Sources */ = {isa = PBXBuildFile; fileRef = 7CB371BD2A7AB06D00A8AD76 /* ConditionalModifier.swift */; };
		7CB371C02A7BD50000A8AD76 /* ScrollViewOffsetPreferenceKey.swift in Sources */ = {isa = PBXBuildFile; fileRef = 7CB371BF2A7BD50000A8AD76 /* ScrollViewOffsetPreferenceKey.swift */; };
		7CB371C22A7C112C00A8AD76 /* ThreeWayStyle.swift in Sources */ = {isa = PBXBuildFile; fileRef = 7CB371C12A7C112C00A8AD76 /* ThreeWayStyle.swift */; };
		7CB371C52A7C137B00A8AD76 /* MarqueeText in Frameworks */ = {isa = PBXBuildFile; productRef = 7CB371C42A7C137B00A8AD76 /* MarqueeText */; };
		7CBAA1B32A5D90DC00DFA31D /* MaxOut2App.swift in Sources */ = {isa = PBXBuildFile; fileRef = 7CBAA1B22A5D90DC00DFA31D /* MaxOut2App.swift */; };
		7CBAA1B72A5D90DE00DFA31D /* Assets.xcassets in Resources */ = {isa = PBXBuildFile; fileRef = 7CBAA1B62A5D90DE00DFA31D /* Assets.xcassets */; };
		7CBAA1BA2A5D90DE00DFA31D /* Preview Assets.xcassets in Resources */ = {isa = PBXBuildFile; fileRef = 7CBAA1B92A5D90DE00DFA31D /* Preview Assets.xcassets */; };
		7CBAA1C22A5D91A800DFA31D /* FirebaseAuth in Frameworks */ = {isa = PBXBuildFile; productRef = 7CBAA1C12A5D91A800DFA31D /* FirebaseAuth */; };
		7CBAA1C42A5D91A800DFA31D /* FirebaseFirestore in Frameworks */ = {isa = PBXBuildFile; productRef = 7CBAA1C32A5D91A800DFA31D /* FirebaseFirestore */; };
		7CBAA1C62A5D91A800DFA31D /* FirebaseFirestoreSwift in Frameworks */ = {isa = PBXBuildFile; productRef = 7CBAA1C52A5D91A800DFA31D /* FirebaseFirestoreSwift */; };
		7CBAA1C82A5D91BC00DFA31D /* GoogleService-Info.plist in Resources */ = {isa = PBXBuildFile; fileRef = 7CBAA1C72A5D91BC00DFA31D /* GoogleService-Info.plist */; };
		7CBAA1CB2A5D91D300DFA31D /* GoogleSignIn in Frameworks */ = {isa = PBXBuildFile; productRef = 7CBAA1CA2A5D91D300DFA31D /* GoogleSignIn */; };
		7CBAA1CD2A5D91D300DFA31D /* GoogleSignInSwift in Frameworks */ = {isa = PBXBuildFile; productRef = 7CBAA1CC2A5D91D300DFA31D /* GoogleSignInSwift */; };
		7CBAA1D32A5D924900DFA31D /* SignInWithAppleHelper.swift in Sources */ = {isa = PBXBuildFile; fileRef = 7CBAA1CF2A5D924900DFA31D /* SignInWithAppleHelper.swift */; };
		7CBAA1D42A5D924900DFA31D /* AuthenticationResultModel.swift in Sources */ = {isa = PBXBuildFile; fileRef = 7CBAA1D02A5D924900DFA31D /* AuthenticationResultModel.swift */; };
		7CBAA1D52A5D924900DFA31D /* FireAuthManager.swift in Sources */ = {isa = PBXBuildFile; fileRef = 7CBAA1D12A5D924900DFA31D /* FireAuthManager.swift */; };
		7CBAA1D62A5D924900DFA31D /* SignInGoogleHelper.swift in Sources */ = {isa = PBXBuildFile; fileRef = 7CBAA1D22A5D924900DFA31D /* SignInGoogleHelper.swift */; };
		7CBAA1D82A5D92B000DFA31D /* SignInUtility.swift in Sources */ = {isa = PBXBuildFile; fileRef = 7CBAA1D72A5D92B000DFA31D /* SignInUtility.swift */; };
		7CBAA1DD2A5D935500DFA31D /* FitUsersManager.swift in Sources */ = {isa = PBXBuildFile; fileRef = 7CBAA1DB2A5D935500DFA31D /* FitUsersManager.swift */; };
		7CBAA1DE2A5D935500DFA31D /* FitUser.swift in Sources */ = {isa = PBXBuildFile; fileRef = 7CBAA1DC2A5D935500DFA31D /* FitUser.swift */; };
		7CBAA1E22A5D93D400DFA31D /* RootView.swift in Sources */ = {isa = PBXBuildFile; fileRef = 7CBAA1E02A5D93D400DFA31D /* RootView.swift */; };
		7CBAA1F52A5D944400DFA31D /* CreateAccountViewModel.swift in Sources */ = {isa = PBXBuildFile; fileRef = 7CBAA1E62A5D944400DFA31D /* CreateAccountViewModel.swift */; };
		7CBAA1F62A5D944400DFA31D /* CreateAccountView.swift in Sources */ = {isa = PBXBuildFile; fileRef = 7CBAA1E72A5D944400DFA31D /* CreateAccountView.swift */; };
		7CBAA1F72A5D944400DFA31D /* LoginTextFieldsView.swift in Sources */ = {isa = PBXBuildFile; fileRef = 7CBAA1E92A5D944400DFA31D /* LoginTextFieldsView.swift */; };
		7CBAA1F82A5D944400DFA31D /* ResignKeyboardButton.swift in Sources */ = {isa = PBXBuildFile; fileRef = 7CBAA1EB2A5D944400DFA31D /* ResignKeyboardButton.swift */; };
		7CBAA1F92A5D944400DFA31D /* LoginTextField.swift in Sources */ = {isa = PBXBuildFile; fileRef = 7CBAA1EC2A5D944400DFA31D /* LoginTextField.swift */; };
		7CBAA1FB2A5D944400DFA31D /* LoginTextFieldsManager.swift in Sources */ = {isa = PBXBuildFile; fileRef = 7CBAA1EE2A5D944400DFA31D /* LoginTextFieldsManager.swift */; };
		7CBAA1FC2A5D944400DFA31D /* LoginViewModel.swift in Sources */ = {isa = PBXBuildFile; fileRef = 7CBAA1F02A5D944400DFA31D /* LoginViewModel.swift */; };
		7CBAA1FD2A5D944400DFA31D /* LoginView.swift in Sources */ = {isa = PBXBuildFile; fileRef = 7CBAA1F12A5D944400DFA31D /* LoginView.swift */; };
		7CBAA1FE2A5D944400DFA31D /* SignInWithAppleButton.swift in Sources */ = {isa = PBXBuildFile; fileRef = 7CBAA1F32A5D944400DFA31D /* SignInWithAppleButton.swift */; };
		7CBAA1FF2A5D944400DFA31D /* SignInWithGoogleButton.swift in Sources */ = {isa = PBXBuildFile; fileRef = 7CBAA1F42A5D944400DFA31D /* SignInWithGoogleButton.swift */; };
		7CBAA2032A5D94A600DFA31D /* Constants.swift in Sources */ = {isa = PBXBuildFile; fileRef = 7CBAA2022A5D94A600DFA31D /* Constants.swift */; };
		7CBAA2052A5D94AC00DFA31D /* TextFieldFocus.swift in Sources */ = {isa = PBXBuildFile; fileRef = 7CBAA2042A5D94AC00DFA31D /* TextFieldFocus.swift */; };
		7CBAA20A2A5D94EB00DFA31D /* OnFirstAppear.swift in Sources */ = {isa = PBXBuildFile; fileRef = 7CBAA2072A5D94EB00DFA31D /* OnFirstAppear.swift */; };
		7CBAA20C2A5D94EB00DFA31D /* NumbersOnlyModifier.swift in Sources */ = {isa = PBXBuildFile; fileRef = 7CBAA2092A5D94EB00DFA31D /* NumbersOnlyModifier.swift */; };
		7CBAA20F2A5D952A00DFA31D /* Bundle-decodable.swift in Sources */ = {isa = PBXBuildFile; fileRef = 7CBAA20E2A5D952A00DFA31D /* Bundle-decodable.swift */; };
		7CBAA2112A5D953500DFA31D /* Resign-onDrag.swift in Sources */ = {isa = PBXBuildFile; fileRef = 7CBAA2102A5D953500DFA31D /* Resign-onDrag.swift */; };
		7CBAA2142A5D954C00DFA31D /* exercises.json in Resources */ = {isa = PBXBuildFile; fileRef = 7CBAA2122A5D954C00DFA31D /* exercises.json */; };
		7CBAA2152A5D954C00DFA31D /* selectedExercises.json in Resources */ = {isa = PBXBuildFile; fileRef = 7CBAA2132A5D954C00DFA31D /* selectedExercises.json */; };
		7CBAA2192A5D964F00DFA31D /* Colors.swift in Sources */ = {isa = PBXBuildFile; fileRef = 7CBAA2182A5D964F00DFA31D /* Colors.swift */; };
		7CBAA21B2A5D96F000DFA31D /* Exercise.swift in Sources */ = {isa = PBXBuildFile; fileRef = 7CBAA21A2A5D96F000DFA31D /* Exercise.swift */; };
		7CC6FB602A72B82900A9138A /* TemplatesPicker.swift in Sources */ = {isa = PBXBuildFile; fileRef = 7CC6FB5F2A72B82900A9138A /* TemplatesPicker.swift */; };
		7CC6FB622A740B4D00A9138A /* ExerciseDetailView.swift in Sources */ = {isa = PBXBuildFile; fileRef = 7CC6FB612A740B4D00A9138A /* ExerciseDetailView.swift */; };
		7CC6FB642A7664E400A9138A /* ClearButtonTF.swift in Sources */ = {isa = PBXBuildFile; fileRef = 7CC6FB632A7664E400A9138A /* ClearButtonTF.swift */; };
		7CCB57FB2A69125D0086D291 /* BodyMassChart.swift in Sources */ = {isa = PBXBuildFile; fileRef = 7CCB57FA2A69125D0086D291 /* BodyMassChart.swift */; };
		7CCB57FD2A6912BD0086D291 /* WidgetGrid.swift in Sources */ = {isa = PBXBuildFile; fileRef = 7CCB57FC2A6912BD0086D291 /* WidgetGrid.swift */; };
		7CCB58002A6949EF0086D291 /* HKWorkoutActivityType.swift in Sources */ = {isa = PBXBuildFile; fileRef = 7CCB57FF2A6949EF0086D291 /* HKWorkoutActivityType.swift */; };
		7CDB57802A7E54300060FCFE /* AppNavBar.swift in Sources */ = {isa = PBXBuildFile; fileRef = 7CDB577F2A7E54300060FCFE /* AppNavBar.swift */; };
/* End PBXBuildFile section */

/* Begin PBXFileReference section */
		7C1555C62A6A84E2005C2855 /* WeightView.swift */ = {isa = PBXFileReference; lastKnownFileType = sourcecode.swift; path = WeightView.swift; sourceTree = "<group>"; };
		7C1555C82A6A98C8005C2855 /* CalendarWidget.swift */ = {isa = PBXFileReference; lastKnownFileType = sourcecode.swift; path = CalendarWidget.swift; sourceTree = "<group>"; };
		7C1555CA2A6B0B3C005C2855 /* GridHeader.swift */ = {isa = PBXFileReference; lastKnownFileType = sourcecode.swift; path = GridHeader.swift; sourceTree = "<group>"; };
		7C1555D12A6BB4B4005C2855 /* RadarChart.swift */ = {isa = PBXFileReference; lastKnownFileType = sourcecode.swift; path = RadarChart.swift; sourceTree = "<group>"; };
		7C1555D32A6BDF44005C2855 /* RadarMock.swift */ = {isa = PBXFileReference; lastKnownFileType = sourcecode.swift; path = RadarMock.swift; sourceTree = "<group>"; };
		7C1555D52A6C0087005C2855 /* ExerciseTimeView.swift */ = {isa = PBXFileReference; lastKnownFileType = sourcecode.swift; path = ExerciseTimeView.swift; sourceTree = "<group>"; };
		7C1555D72A6FCBC0005C2855 /* DismissButton.swift */ = {isa = PBXFileReference; lastKnownFileType = sourcecode.swift; path = DismissButton.swift; sourceTree = "<group>"; };
		7C1555D92A701469005C2855 /* ThreeWayPicker.swift */ = {isa = PBXFileReference; lastKnownFileType = sourcecode.swift; path = ThreeWayPicker.swift; sourceTree = "<group>"; };
		7C1555DB2A710F2E005C2855 /* TimeRange.swift */ = {isa = PBXFileReference; lastKnownFileType = sourcecode.swift; path = TimeRange.swift; sourceTree = "<group>"; };
		7C1555DD2A71214C005C2855 /* Date.swift */ = {isa = PBXFileReference; lastKnownFileType = sourcecode.swift; path = Date.swift; sourceTree = "<group>"; };
		7C5F26542A84EB9D0074A837 /* KgRepsTF.swift */ = {isa = PBXFileReference; lastKnownFileType = sourcecode.swift; path = KgRepsTF.swift; sourceTree = "<group>"; };
		7C5F26562A863D8E0074A837 /* KmTF.swift */ = {isa = PBXFileReference; lastKnownFileType = sourcecode.swift; path = KmTF.swift; sourceTree = "<group>"; };
		7C5F26582A863F6E0074A837 /* InputView.swift */ = {isa = PBXFileReference; lastKnownFileType = sourcecode.swift; path = InputView.swift; sourceTree = "<group>"; };
		7C5F265A2A86457F0074A837 /* StringInputView.swift */ = {isa = PBXFileReference; lastKnownFileType = sourcecode.swift; path = StringInputView.swift; sourceTree = "<group>"; };
		7C666A992A8B898600880D45 /* UserStat.swift */ = {isa = PBXFileReference; lastKnownFileType = sourcecode.swift; path = UserStat.swift; sourceTree = "<group>"; };
		7C666A9B2A8B8C7400880D45 /* StatsManager.swift */ = {isa = PBXFileReference; lastKnownFileType = sourcecode.swift; path = StatsManager.swift; sourceTree = "<group>"; };
		7C666A9D2A8BC8AD00880D45 /* FileManView.swift */ = {isa = PBXFileReference; lastKnownFileType = sourcecode.swift; path = FileManView.swift; sourceTree = "<group>"; };
		7C666A9F2A8D1B6A00880D45 /* SealImage.swift */ = {isa = PBXFileReference; lastKnownFileType = sourcecode.swift; path = SealImage.swift; sourceTree = "<group>"; };
		7C6FE5002A7E55710017C0A9 /* NavBar.swift */ = {isa = PBXFileReference; lastKnownFileType = sourcecode.swift; path = NavBar.swift; sourceTree = "<group>"; };
		7C6FE5022A7E58EE0017C0A9 /* NavContainer.swift */ = {isa = PBXFileReference; lastKnownFileType = sourcecode.swift; path = NavContainer.swift; sourceTree = "<group>"; };
		7C6FE5042A7EAF050017C0A9 /* UINavController.swift */ = {isa = PBXFileReference; lastKnownFileType = sourcecode.swift; path = UINavController.swift; sourceTree = "<group>"; };
		7C6FE5062A7EB0450017C0A9 /* NavLink.swift */ = {isa = PBXFileReference; lastKnownFileType = sourcecode.swift; path = NavLink.swift; sourceTree = "<group>"; };
		7C6FE5082A7EB2C80017C0A9 /* NavBarPK.swift */ = {isa = PBXFileReference; lastKnownFileType = sourcecode.swift; path = NavBarPK.swift; sourceTree = "<group>"; };
		7C6FE5712A80EC5A0017C0A9 /* DurationPicker.swift */ = {isa = PBXFileReference; lastKnownFileType = sourcecode.swift; path = DurationPicker.swift; sourceTree = "<group>"; };
		7C7DA09D2A5DA2A100B58AFA /* ExercisesManager.swift */ = {isa = PBXFileReference; fileEncoding = 4; lastKnownFileType = sourcecode.swift; path = ExercisesManager.swift; sourceTree = "<group>"; };
		7C7DA09F2A5DA38000B58AFA /* FSExtensions.swift */ = {isa = PBXFileReference; fileEncoding = 4; lastKnownFileType = sourcecode.swift; path = FSExtensions.swift; sourceTree = "<group>"; };
		7C7DA0A12A5DAAB800B58AFA /* Launchscreen.storyboard */ = {isa = PBXFileReference; lastKnownFileType = file.storyboard; path = Launchscreen.storyboard; sourceTree = "<group>"; };
		7C7DA0A32A5DAE2400B58AFA /* Enums.swift */ = {isa = PBXFileReference; fileEncoding = 4; lastKnownFileType = sourcecode.swift; path = Enums.swift; sourceTree = "<group>"; };
		7C7DA0A62A5DAE4100B58AFA /* Session.swift */ = {isa = PBXFileReference; fileEncoding = 4; lastKnownFileType = sourcecode.swift; path = Session.swift; sourceTree = "<group>"; };
		7C7DA0A72A5DAE4100B58AFA /* SessionsManager.swift */ = {isa = PBXFileReference; fileEncoding = 4; lastKnownFileType = sourcecode.swift; path = SessionsManager.swift; sourceTree = "<group>"; };
		7C7DA0A82A5DAE4100B58AFA /* Bob.swift */ = {isa = PBXFileReference; fileEncoding = 4; lastKnownFileType = sourcecode.swift; path = Bob.swift; sourceTree = "<group>"; };
		7C7DA0A92A5DAE4100B58AFA /* Workout.swift */ = {isa = PBXFileReference; fileEncoding = 4; lastKnownFileType = sourcecode.swift; path = Workout.swift; sourceTree = "<group>"; };
		7C7DA0AB2A5DAE4100B58AFA /* RoutinesManager.swift */ = {isa = PBXFileReference; fileEncoding = 4; lastKnownFileType = sourcecode.swift; path = RoutinesManager.swift; sourceTree = "<group>"; };
		7C7DA0AC2A5DAE4100B58AFA /* Routine.swift */ = {isa = PBXFileReference; fileEncoding = 4; lastKnownFileType = sourcecode.swift; path = Routine.swift; sourceTree = "<group>"; };
		7C7DA0B62A5DD36200B58AFA /* LoginAnimation.swift */ = {isa = PBXFileReference; lastKnownFileType = sourcecode.swift; path = LoginAnimation.swift; sourceTree = "<group>"; };
		7C7DA0BA2A5E909600B58AFA /* ParallaxScrollView.swift */ = {isa = PBXFileReference; fileEncoding = 4; lastKnownFileType = sourcecode.swift; path = ParallaxScrollView.swift; sourceTree = "<group>"; };
		7C7DA0BC2A5E93F900B58AFA /* FrostedProgressView.swift */ = {isa = PBXFileReference; lastKnownFileType = sourcecode.swift; path = FrostedProgressView.swift; sourceTree = "<group>"; };
		7C7DA0BF2A5E968900B58AFA /* MainButtonLabel.swift */ = {isa = PBXFileReference; lastKnownFileType = sourcecode.swift; path = MainButtonLabel.swift; sourceTree = "<group>"; };
		7C7DA0C22A5EAFA000B58AFA /* ProfileView.swift */ = {isa = PBXFileReference; fileEncoding = 4; lastKnownFileType = sourcecode.swift; path = ProfileView.swift; sourceTree = "<group>"; };
		7C7DA0C32A5EAFA000B58AFA /* DiaryViewModel.swift */ = {isa = PBXFileReference; fileEncoding = 4; lastKnownFileType = sourcecode.swift; path = DiaryViewModel.swift; sourceTree = "<group>"; };
		7C7DA0C62A5EB03100B58AFA /* StartViewModel.swift */ = {isa = PBXFileReference; fileEncoding = 4; lastKnownFileType = sourcecode.swift; path = StartViewModel.swift; sourceTree = "<group>"; };
		7C7DA0C82A5EB04600B58AFA /* StartContainer.swift */ = {isa = PBXFileReference; fileEncoding = 4; lastKnownFileType = sourcecode.swift; path = StartContainer.swift; sourceTree = "<group>"; };
		7C7DA0D02A5EB0EA00B58AFA /* TSTimerView.swift */ = {isa = PBXFileReference; fileEncoding = 4; lastKnownFileType = sourcecode.swift; path = TSTimerView.swift; sourceTree = "<group>"; };
		7C7DA0D42A5EB0F800B58AFA /* BobView.swift */ = {isa = PBXFileReference; fileEncoding = 4; lastKnownFileType = sourcecode.swift; path = BobView.swift; sourceTree = "<group>"; };
		7C7DA0D52A5EB0F800B58AFA /* SessionView.swift */ = {isa = PBXFileReference; fileEncoding = 4; lastKnownFileType = sourcecode.swift; path = SessionView.swift; sourceTree = "<group>"; };
		7C7DA0DA2A5EB12000B58AFA /* BobGauge.swift */ = {isa = PBXFileReference; fileEncoding = 4; lastKnownFileType = sourcecode.swift; path = BobGauge.swift; sourceTree = "<group>"; };
		7C7DA0E12A5EB16400B58AFA /* TsCalendarView.swift */ = {isa = PBXFileReference; fileEncoding = 4; lastKnownFileType = sourcecode.swift; path = TsCalendarView.swift; sourceTree = "<group>"; };
		7C7DA0E22A5EB16400B58AFA /* TsCalendarViewModel.swift */ = {isa = PBXFileReference; fileEncoding = 4; lastKnownFileType = sourcecode.swift; path = TsCalendarViewModel.swift; sourceTree = "<group>"; };
		7C7DA0E32A5EB16400B58AFA /* WorkoutGrid.swift */ = {isa = PBXFileReference; fileEncoding = 4; lastKnownFileType = sourcecode.swift; path = WorkoutGrid.swift; sourceTree = "<group>"; };
		7C7DA0E42A5EB16400B58AFA /* HistoryViewModel.swift */ = {isa = PBXFileReference; fileEncoding = 4; lastKnownFileType = sourcecode.swift; path = HistoryViewModel.swift; sourceTree = "<group>"; };
		7C7DA0E62A5EB16400B58AFA /* WorkoutDetailView.swift */ = {isa = PBXFileReference; fileEncoding = 4; lastKnownFileType = sourcecode.swift; path = WorkoutDetailView.swift; sourceTree = "<group>"; };
		7C7DA0E72A5EB16400B58AFA /* HistoryView.swift */ = {isa = PBXFileReference; fileEncoding = 4; lastKnownFileType = sourcecode.swift; path = HistoryView.swift; sourceTree = "<group>"; };
		7C7DA0F12A5EB1ED00B58AFA /* TimeInterval-String.swift */ = {isa = PBXFileReference; fileEncoding = 4; lastKnownFileType = sourcecode.swift; path = "TimeInterval-String.swift"; sourceTree = "<group>"; };
		7C7DA0F32A5EB21000B58AFA /* DurationFormatter.swift */ = {isa = PBXFileReference; fileEncoding = 4; lastKnownFileType = sourcecode.swift; path = DurationFormatter.swift; sourceTree = "<group>"; };
		7C7DA0F52A5EB25400B58AFA /* BodyPartImageView.swift */ = {isa = PBXFileReference; fileEncoding = 4; lastKnownFileType = sourcecode.swift; path = BodyPartImageView.swift; sourceTree = "<group>"; };
		7C7DA0F62A5EB25400B58AFA /* LargeTsButton.swift */ = {isa = PBXFileReference; fileEncoding = 4; lastKnownFileType = sourcecode.swift; path = LargeTsButton.swift; sourceTree = "<group>"; };
		7C7DA0F82A5EB25400B58AFA /* SmallTsButton.swift */ = {isa = PBXFileReference; fileEncoding = 4; lastKnownFileType = sourcecode.swift; path = SmallTsButton.swift; sourceTree = "<group>"; };
		7C7DA1042A5EB32A00B58AFA /* ExercisesViewModel.swift */ = {isa = PBXFileReference; fileEncoding = 4; lastKnownFileType = sourcecode.swift; path = ExercisesViewModel.swift; sourceTree = "<group>"; };
		7C7DA1062A5EB32A00B58AFA /* CellLabel.swift */ = {isa = PBXFileReference; fileEncoding = 4; lastKnownFileType = sourcecode.swift; path = CellLabel.swift; sourceTree = "<group>"; };
		7C7DA1082A5EB32A00B58AFA /* ExercisesListView.swift */ = {isa = PBXFileReference; fileEncoding = 4; lastKnownFileType = sourcecode.swift; path = ExercisesListView.swift; sourceTree = "<group>"; };
		7C7DA11A2A5EB4DB00B58AFA /* Binding-optionals.swift */ = {isa = PBXFileReference; fileEncoding = 4; lastKnownFileType = sourcecode.swift; path = "Binding-optionals.swift"; sourceTree = "<group>"; };
		7C7DA11C2A5EBC8A00B58AFA /* InProgressView.swift */ = {isa = PBXFileReference; lastKnownFileType = sourcecode.swift; path = InProgressView.swift; sourceTree = "<group>"; };
		7C7DA1242A5FF8FC00B58AFA /* SectionIndexTitles.swift */ = {isa = PBXFileReference; lastKnownFileType = sourcecode.swift; path = SectionIndexTitles.swift; sourceTree = "<group>"; };
		7C7DA1262A6018C300B58AFA /* CellStyle.swift */ = {isa = PBXFileReference; lastKnownFileType = sourcecode.swift; path = CellStyle.swift; sourceTree = "<group>"; };
		7C7DA1282A604B2600B58AFA /* SeshController.swift */ = {isa = PBXFileReference; lastKnownFileType = sourcecode.swift; path = SeshController.swift; sourceTree = "<group>"; };
		7C7DA12D2A61713100B58AFA /* BobContainer.swift */ = {isa = PBXFileReference; lastKnownFileType = sourcecode.swift; path = BobContainer.swift; sourceTree = "<group>"; };
		7C7DA1322A63FA3600B58AFA /* BottomSheetView.swift */ = {isa = PBXFileReference; lastKnownFileType = sourcecode.swift; path = BottomSheetView.swift; sourceTree = "<group>"; };
		7C7DA1342A65544000B58AFA /* DiaryView.swift */ = {isa = PBXFileReference; lastKnownFileType = sourcecode.swift; path = DiaryView.swift; sourceTree = "<group>"; };
		7CA6CDE62A65995D006FDBD4 /* GoodColors.swift */ = {isa = PBXFileReference; lastKnownFileType = sourcecode.swift; path = GoodColors.swift; sourceTree = "<group>"; };
		7CA6CE1D2A66E8E0006FDBD4 /* HealthKitManager.swift */ = {isa = PBXFileReference; fileEncoding = 4; lastKnownFileType = sourcecode.swift; path = HealthKitManager.swift; sourceTree = "<group>"; };
		7CA6CE202A66E8ED006FDBD4 /* HealthStat.swift */ = {isa = PBXFileReference; fileEncoding = 4; lastKnownFileType = sourcecode.swift; path = HealthStat.swift; sourceTree = "<group>"; };
		7CA6CE212A66E8ED006FDBD4 /* Activity.swift */ = {isa = PBXFileReference; fileEncoding = 4; lastKnownFileType = sourcecode.swift; path = Activity.swift; sourceTree = "<group>"; };
		7CA6CE282A66ED47006FDBD4 /* ExerciseMinutesWidget.swift */ = {isa = PBXFileReference; lastKnownFileType = sourcecode.swift; path = ExerciseMinutesWidget.swift; sourceTree = "<group>"; };
		7CB371AC2A79607A00A8AD76 /* ExercisesPicker.swift */ = {isa = PBXFileReference; lastKnownFileType = sourcecode.swift; path = ExercisesPicker.swift; sourceTree = "<group>"; };
		7CB371AE2A79608300A8AD76 /* PickerCell.swift */ = {isa = PBXFileReference; lastKnownFileType = sourcecode.swift; path = PickerCell.swift; sourceTree = "<group>"; };
		7CB371B32A7A758800A8AD76 /* CustomBar.swift */ = {isa = PBXFileReference; lastKnownFileType = sourcecode.swift; path = CustomBar.swift; sourceTree = "<group>"; };
		7CB371B52A7A7B0B00A8AD76 /* TabBarView.swift */ = {isa = PBXFileReference; lastKnownFileType = sourcecode.swift; path = TabBarView.swift; sourceTree = "<group>"; };
		7CB371B72A7A7EDC00A8AD76 /* TabBarItemsPreferenceKey.swift */ = {isa = PBXFileReference; lastKnownFileType = sourcecode.swift; path = TabBarItemsPreferenceKey.swift; sourceTree = "<group>"; };
		7CB371B92A7A820900A8AD76 /* TabBarItem.swift */ = {isa = PBXFileReference; lastKnownFileType = sourcecode.swift; path = TabBarItem.swift; sourceTree = "<group>"; };
		7CB371BB2A7AAAB600A8AD76 /* ParallaxModifier.swift */ = {isa = PBXFileReference; lastKnownFileType = sourcecode.swift; path = ParallaxModifier.swift; sourceTree = "<group>"; };
		7CB371BD2A7AB06D00A8AD76 /* ConditionalModifier.swift */ = {isa = PBXFileReference; lastKnownFileType = sourcecode.swift; path = ConditionalModifier.swift; sourceTree = "<group>"; };
		7CB371BF2A7BD50000A8AD76 /* ScrollViewOffsetPreferenceKey.swift */ = {isa = PBXFileReference; lastKnownFileType = sourcecode.swift; path = ScrollViewOffsetPreferenceKey.swift; sourceTree = "<group>"; };
		7CB371C12A7C112C00A8AD76 /* ThreeWayStyle.swift */ = {isa = PBXFileReference; lastKnownFileType = sourcecode.swift; path = ThreeWayStyle.swift; sourceTree = "<group>"; };
		7CBAA1AF2A5D90DC00DFA31D /* MaxOut2.app */ = {isa = PBXFileReference; explicitFileType = wrapper.application; includeInIndex = 0; path = MaxOut2.app; sourceTree = BUILT_PRODUCTS_DIR; };
		7CBAA1B22A5D90DC00DFA31D /* MaxOut2App.swift */ = {isa = PBXFileReference; lastKnownFileType = sourcecode.swift; path = MaxOut2App.swift; sourceTree = "<group>"; };
		7CBAA1B62A5D90DE00DFA31D /* Assets.xcassets */ = {isa = PBXFileReference; lastKnownFileType = folder.assetcatalog; path = Assets.xcassets; sourceTree = "<group>"; };
		7CBAA1B92A5D90DE00DFA31D /* Preview Assets.xcassets */ = {isa = PBXFileReference; lastKnownFileType = folder.assetcatalog; path = "Preview Assets.xcassets"; sourceTree = "<group>"; };
		7CBAA1C72A5D91BC00DFA31D /* GoogleService-Info.plist */ = {isa = PBXFileReference; fileEncoding = 4; lastKnownFileType = text.plist.xml; path = "GoogleService-Info.plist"; sourceTree = "<group>"; };
		7CBAA1CF2A5D924900DFA31D /* SignInWithAppleHelper.swift */ = {isa = PBXFileReference; fileEncoding = 4; lastKnownFileType = sourcecode.swift; path = SignInWithAppleHelper.swift; sourceTree = "<group>"; };
		7CBAA1D02A5D924900DFA31D /* AuthenticationResultModel.swift */ = {isa = PBXFileReference; fileEncoding = 4; lastKnownFileType = sourcecode.swift; path = AuthenticationResultModel.swift; sourceTree = "<group>"; };
		7CBAA1D12A5D924900DFA31D /* FireAuthManager.swift */ = {isa = PBXFileReference; fileEncoding = 4; lastKnownFileType = sourcecode.swift; path = FireAuthManager.swift; sourceTree = "<group>"; };
		7CBAA1D22A5D924900DFA31D /* SignInGoogleHelper.swift */ = {isa = PBXFileReference; fileEncoding = 4; lastKnownFileType = sourcecode.swift; path = SignInGoogleHelper.swift; sourceTree = "<group>"; };
		7CBAA1D72A5D92B000DFA31D /* SignInUtility.swift */ = {isa = PBXFileReference; lastKnownFileType = sourcecode.swift; path = SignInUtility.swift; sourceTree = "<group>"; };
		7CBAA1DB2A5D935500DFA31D /* FitUsersManager.swift */ = {isa = PBXFileReference; fileEncoding = 4; lastKnownFileType = sourcecode.swift; path = FitUsersManager.swift; sourceTree = "<group>"; };
		7CBAA1DC2A5D935500DFA31D /* FitUser.swift */ = {isa = PBXFileReference; fileEncoding = 4; lastKnownFileType = sourcecode.swift; path = FitUser.swift; sourceTree = "<group>"; };
		7CBAA1E02A5D93D400DFA31D /* RootView.swift */ = {isa = PBXFileReference; fileEncoding = 4; lastKnownFileType = sourcecode.swift; path = RootView.swift; sourceTree = "<group>"; };
		7CBAA1E62A5D944400DFA31D /* CreateAccountViewModel.swift */ = {isa = PBXFileReference; fileEncoding = 4; lastKnownFileType = sourcecode.swift; path = CreateAccountViewModel.swift; sourceTree = "<group>"; };
		7CBAA1E72A5D944400DFA31D /* CreateAccountView.swift */ = {isa = PBXFileReference; fileEncoding = 4; lastKnownFileType = sourcecode.swift; path = CreateAccountView.swift; sourceTree = "<group>"; };
		7CBAA1E92A5D944400DFA31D /* LoginTextFieldsView.swift */ = {isa = PBXFileReference; fileEncoding = 4; lastKnownFileType = sourcecode.swift; path = LoginTextFieldsView.swift; sourceTree = "<group>"; };
		7CBAA1EB2A5D944400DFA31D /* ResignKeyboardButton.swift */ = {isa = PBXFileReference; fileEncoding = 4; lastKnownFileType = sourcecode.swift; path = ResignKeyboardButton.swift; sourceTree = "<group>"; };
		7CBAA1EC2A5D944400DFA31D /* LoginTextField.swift */ = {isa = PBXFileReference; fileEncoding = 4; lastKnownFileType = sourcecode.swift; path = LoginTextField.swift; sourceTree = "<group>"; };
		7CBAA1EE2A5D944400DFA31D /* LoginTextFieldsManager.swift */ = {isa = PBXFileReference; fileEncoding = 4; lastKnownFileType = sourcecode.swift; path = LoginTextFieldsManager.swift; sourceTree = "<group>"; };
		7CBAA1F02A5D944400DFA31D /* LoginViewModel.swift */ = {isa = PBXFileReference; fileEncoding = 4; lastKnownFileType = sourcecode.swift; path = LoginViewModel.swift; sourceTree = "<group>"; };
		7CBAA1F12A5D944400DFA31D /* LoginView.swift */ = {isa = PBXFileReference; fileEncoding = 4; lastKnownFileType = sourcecode.swift; path = LoginView.swift; sourceTree = "<group>"; };
		7CBAA1F32A5D944400DFA31D /* SignInWithAppleButton.swift */ = {isa = PBXFileReference; fileEncoding = 4; lastKnownFileType = sourcecode.swift; path = SignInWithAppleButton.swift; sourceTree = "<group>"; };
		7CBAA1F42A5D944400DFA31D /* SignInWithGoogleButton.swift */ = {isa = PBXFileReference; fileEncoding = 4; lastKnownFileType = sourcecode.swift; path = SignInWithGoogleButton.swift; sourceTree = "<group>"; };
		7CBAA2022A5D94A600DFA31D /* Constants.swift */ = {isa = PBXFileReference; fileEncoding = 4; lastKnownFileType = sourcecode.swift; path = Constants.swift; sourceTree = "<group>"; };
		7CBAA2042A5D94AC00DFA31D /* TextFieldFocus.swift */ = {isa = PBXFileReference; fileEncoding = 4; lastKnownFileType = sourcecode.swift; path = TextFieldFocus.swift; sourceTree = "<group>"; };
		7CBAA2072A5D94EB00DFA31D /* OnFirstAppear.swift */ = {isa = PBXFileReference; fileEncoding = 4; lastKnownFileType = sourcecode.swift; path = OnFirstAppear.swift; sourceTree = "<group>"; };
		7CBAA2092A5D94EB00DFA31D /* NumbersOnlyModifier.swift */ = {isa = PBXFileReference; fileEncoding = 4; lastKnownFileType = sourcecode.swift; path = NumbersOnlyModifier.swift; sourceTree = "<group>"; };
		7CBAA20E2A5D952A00DFA31D /* Bundle-decodable.swift */ = {isa = PBXFileReference; fileEncoding = 4; lastKnownFileType = sourcecode.swift; path = "Bundle-decodable.swift"; sourceTree = "<group>"; };
		7CBAA2102A5D953500DFA31D /* Resign-onDrag.swift */ = {isa = PBXFileReference; fileEncoding = 4; lastKnownFileType = sourcecode.swift; path = "Resign-onDrag.swift"; sourceTree = "<group>"; };
		7CBAA2122A5D954C00DFA31D /* exercises.json */ = {isa = PBXFileReference; fileEncoding = 4; lastKnownFileType = text.json; path = exercises.json; sourceTree = "<group>"; };
		7CBAA2132A5D954C00DFA31D /* selectedExercises.json */ = {isa = PBXFileReference; fileEncoding = 4; lastKnownFileType = text.json; path = selectedExercises.json; sourceTree = "<group>"; };
		7CBAA2172A5D958700DFA31D /* MaxOut2.entitlements */ = {isa = PBXFileReference; lastKnownFileType = text.plist.entitlements; path = MaxOut2.entitlements; sourceTree = "<group>"; };
		7CBAA2182A5D964F00DFA31D /* Colors.swift */ = {isa = PBXFileReference; fileEncoding = 4; lastKnownFileType = sourcecode.swift; path = Colors.swift; sourceTree = "<group>"; };
		7CBAA21A2A5D96F000DFA31D /* Exercise.swift */ = {isa = PBXFileReference; lastKnownFileType = sourcecode.swift; path = Exercise.swift; sourceTree = "<group>"; };
		7CBAA21C2A5D9BC500DFA31D /* Info.plist */ = {isa = PBXFileReference; lastKnownFileType = text.plist.xml; path = Info.plist; sourceTree = "<group>"; };
		7CC6FB5F2A72B82900A9138A /* TemplatesPicker.swift */ = {isa = PBXFileReference; lastKnownFileType = sourcecode.swift; path = TemplatesPicker.swift; sourceTree = "<group>"; };
		7CC6FB612A740B4D00A9138A /* ExerciseDetailView.swift */ = {isa = PBXFileReference; lastKnownFileType = sourcecode.swift; path = ExerciseDetailView.swift; sourceTree = "<group>"; };
		7CC6FB632A7664E400A9138A /* ClearButtonTF.swift */ = {isa = PBXFileReference; lastKnownFileType = sourcecode.swift; path = ClearButtonTF.swift; sourceTree = "<group>"; };
		7CCB57FA2A69125D0086D291 /* BodyMassChart.swift */ = {isa = PBXFileReference; lastKnownFileType = sourcecode.swift; path = BodyMassChart.swift; sourceTree = "<group>"; };
		7CCB57FC2A6912BD0086D291 /* WidgetGrid.swift */ = {isa = PBXFileReference; lastKnownFileType = sourcecode.swift; path = WidgetGrid.swift; sourceTree = "<group>"; };
		7CCB57FF2A6949EF0086D291 /* HKWorkoutActivityType.swift */ = {isa = PBXFileReference; lastKnownFileType = sourcecode.swift; path = HKWorkoutActivityType.swift; sourceTree = "<group>"; };
		7CDB577F2A7E54300060FCFE /* AppNavBar.swift */ = {isa = PBXFileReference; lastKnownFileType = sourcecode.swift; path = AppNavBar.swift; sourceTree = "<group>"; };
/* End PBXFileReference section */

/* Begin PBXFrameworksBuildPhase section */
		7CBAA1AC2A5D90DC00DFA31D /* Frameworks */ = {
			isa = PBXFrameworksBuildPhase;
			buildActionMask = 2147483647;
			files = (
				7CBAA1CD2A5D91D300DFA31D /* GoogleSignInSwift in Frameworks */,
				7C32044B2A79369000A25650 /* BottomSheet in Frameworks */,
				7C7DA0F02A5EB1AA00B58AFA /* SwiftUICalendar in Frameworks */,
				7CB371C52A7C137B00A8AD76 /* MarqueeText in Frameworks */,
				7C7DA0DE2A5EB15300B58AFA /* SwipeActions in Frameworks */,
				7CBAA1C22A5D91A800DFA31D /* FirebaseAuth in Frameworks */,
				7C6FE56A2A7FFF440017C0A9 /* AlphabetScrollBar in Frameworks */,
				7CBAA1CB2A5D91D300DFA31D /* GoogleSignIn in Frameworks */,
				7CBAA1C42A5D91A800DFA31D /* FirebaseFirestore in Frameworks */,
				7CBAA1C62A5D91A800DFA31D /* FirebaseFirestoreSwift in Frameworks */,
			);
			runOnlyForDeploymentPostprocessing = 0;
		};
/* End PBXFrameworksBuildPhase section */

/* Begin PBXGroup section */
		7C1555C52A6A84D6005C2855 /* Profile */ = {
			isa = PBXGroup;
			children = (
				7C7DA0C22A5EAFA000B58AFA /* ProfileView.swift */,
				7C1555C62A6A84E2005C2855 /* WeightView.swift */,
			);
			path = Profile;
			sourceTree = "<group>";
		};
		7C7DA09B2A5DA01B00B58AFA /* Components */ = {
			isa = PBXGroup;
			children = (
				7CB371B02A7A755800A8AD76 /* AppTabBar */,
				7CBAA1F22A5D944400DFA31D /* SSO */,
				7CBAA1E82A5D944400DFA31D /* TSTextFieldsView */,
				7C7DA0D22A5EB0F800B58AFA /* SessionView */,
				7C7DA12A2A6170EC00B58AFA /* Bob */,
				7C7DA0BA2A5E909600B58AFA /* ParallaxScrollView.swift */,
				7C7DA1322A63FA3600B58AFA /* BottomSheetView.swift */,
				7C7DA0D02A5EB0EA00B58AFA /* TSTimerView.swift */,
				7C7DA1242A5FF8FC00B58AFA /* SectionIndexTitles.swift */,
				7C7DA0F52A5EB25400B58AFA /* BodyPartImageView.swift */,
				7CBAA1EB2A5D944400DFA31D /* ResignKeyboardButton.swift */,
				7C7DA0F82A5EB25400B58AFA /* SmallTsButton.swift */,
				7C7DA0F62A5EB25400B58AFA /* LargeTsButton.swift */,
				7C7DA0BC2A5E93F900B58AFA /* FrostedProgressView.swift */,
				7C7DA0DA2A5EB12000B58AFA /* BobGauge.swift */,
			);
			path = Components;
			sourceTree = "<group>";
		};
		7C7DA09C2A5DA22800B58AFA /* Exercise */ = {
			isa = PBXGroup;
			children = (
				7C7DA09D2A5DA2A100B58AFA /* ExercisesManager.swift */,
				7CBAA21A2A5D96F000DFA31D /* Exercise.swift */,
			);
			path = Exercise;
			sourceTree = "<group>";
		};
		7C7DA0A52A5DAE4100B58AFA /* Session */ = {
			isa = PBXGroup;
			children = (
				7C7DA0A72A5DAE4100B58AFA /* SessionsManager.swift */,
				7C7DA0A62A5DAE4100B58AFA /* Session.swift */,
			);
			path = Session;
			sourceTree = "<group>";
		};
		7C7DA0AA2A5DAE4100B58AFA /* Routine */ = {
			isa = PBXGroup;
			children = (
				7C7DA0AB2A5DAE4100B58AFA /* RoutinesManager.swift */,
				7C7DA0AC2A5DAE4100B58AFA /* Routine.swift */,
			);
			path = Routine;
			sourceTree = "<group>";
		};
		7C7DA0BE2A5E943900B58AFA /* Core */ = {
			isa = PBXGroup;
			children = (
				7C7DA11C2A5EBC8A00B58AFA /* InProgressView.swift */,
				7CBAA1E02A5D93D400DFA31D /* RootView.swift */,
				7C7DA1362A65570100B58AFA /* Diary */,
				7C7DA0FD2A5EB32A00B58AFA /* ExercisesView */,
				7C7DA0CE2A5EB0C100B58AFA /* StartWorkoutView */,
			);
			path = Core;
			sourceTree = "<group>";
		};
		7C7DA0CE2A5EB0C100B58AFA /* StartWorkoutView */ = {
			isa = PBXGroup;
			children = (
				7C7DA0C62A5EB03100B58AFA /* StartViewModel.swift */,
				7C7DA0C82A5EB04600B58AFA /* StartContainer.swift */,
			);
			path = StartWorkoutView;
			sourceTree = "<group>";
		};
		7C7DA0D22A5EB0F800B58AFA /* SessionView */ = {
			isa = PBXGroup;
			children = (
				7C7DA0D52A5EB0F800B58AFA /* SessionView.swift */,
				7C7DA1282A604B2600B58AFA /* SeshController.swift */,
			);
			path = SessionView;
			sourceTree = "<group>";
		};
		7C7DA0DF2A5EB16400B58AFA /* HistoryView */ = {
			isa = PBXGroup;
			children = (
				7C7DA0E52A5EB16400B58AFA /* WorkoutDetailView */,
				7C7DA0E02A5EB16400B58AFA /* TsCalendarView */,
				7C7DA0E32A5EB16400B58AFA /* WorkoutGrid.swift */,
				7C7DA0E72A5EB16400B58AFA /* HistoryView.swift */,
				7C7DA0E42A5EB16400B58AFA /* HistoryViewModel.swift */,
			);
			path = HistoryView;
			sourceTree = "<group>";
		};
		7C7DA0E02A5EB16400B58AFA /* TsCalendarView */ = {
			isa = PBXGroup;
			children = (
				7C7DA0E12A5EB16400B58AFA /* TsCalendarView.swift */,
				7C7DA0E22A5EB16400B58AFA /* TsCalendarViewModel.swift */,
			);
			path = TsCalendarView;
			sourceTree = "<group>";
		};
		7C7DA0E52A5EB16400B58AFA /* WorkoutDetailView */ = {
			isa = PBXGroup;
			children = (
				7C7DA0E62A5EB16400B58AFA /* WorkoutDetailView.swift */,
			);
			path = WorkoutDetailView;
			sourceTree = "<group>";
		};
		7C7DA0FD2A5EB32A00B58AFA /* ExercisesView */ = {
			isa = PBXGroup;
			children = (
				7C7DA1042A5EB32A00B58AFA /* ExercisesViewModel.swift */,
				7C7DA1062A5EB32A00B58AFA /* CellLabel.swift */,
				7CB371AE2A79608300A8AD76 /* PickerCell.swift */,
				7C1555D92A701469005C2855 /* ThreeWayPicker.swift */,
				7CC6FB5F2A72B82900A9138A /* TemplatesPicker.swift */,
				7CB371AC2A79607A00A8AD76 /* ExercisesPicker.swift */,
				7C7DA1082A5EB32A00B58AFA /* ExercisesListView.swift */,
				7CC6FB612A740B4D00A9138A /* ExerciseDetailView.swift */,
			);
			path = ExercisesView;
			sourceTree = "<group>";
		};
		7C7DA12A2A6170EC00B58AFA /* Bob */ = {
			isa = PBXGroup;
			children = (
				7C7DA0D42A5EB0F800B58AFA /* BobView.swift */,
				7C7DA12D2A61713100B58AFA /* BobContainer.swift */,
				7C6FE5712A80EC5A0017C0A9 /* DurationPicker.swift */,
				7C5F26542A84EB9D0074A837 /* KgRepsTF.swift */,
				7C5F26562A863D8E0074A837 /* KmTF.swift */,
				7C5F26582A863F6E0074A837 /* InputView.swift */,
				7C5F265A2A86457F0074A837 /* StringInputView.swift */,
			);
			path = Bob;
			sourceTree = "<group>";
		};
		7C7DA1362A65570100B58AFA /* Diary */ = {
			isa = PBXGroup;
			children = (
				7C7DA0DF2A5EB16400B58AFA /* HistoryView */,
				7CCB57FE2A6921360086D291 /* WidgetsGrid */,
				7C7DA1342A65544000B58AFA /* DiaryView.swift */,
				7C7DA0C32A5EAFA000B58AFA /* DiaryViewModel.swift */,
				7C1555C52A6A84D6005C2855 /* Profile */,
			);
			path = Diary;
			sourceTree = "<group>";
		};
		7CA6CE0B2A6694D2006FDBD4 /* App */ = {
			isa = PBXGroup;
			children = (
				7CBAA1B22A5D90DC00DFA31D /* MaxOut2App.swift */,
			);
			path = App;
			sourceTree = "<group>";
		};
		7CA6CE1C2A66E8B8006FDBD4 /* HealthKit */ = {
			isa = PBXGroup;
			children = (
				7CA6CE1F2A66E8ED006FDBD4 /* Model */,
				7CA6CE1D2A66E8E0006FDBD4 /* HealthKitManager.swift */,
			);
			path = HealthKit;
			sourceTree = "<group>";
		};
		7CA6CE1F2A66E8ED006FDBD4 /* Model */ = {
			isa = PBXGroup;
			children = (
				7C1555DB2A710F2E005C2855 /* TimeRange.swift */,
				7CA6CE202A66E8ED006FDBD4 /* HealthStat.swift */,
				7CA6CE212A66E8ED006FDBD4 /* Activity.swift */,
			);
			path = Model;
			sourceTree = "<group>";
		};
		7CB371B02A7A755800A8AD76 /* AppTabBar */ = {
			isa = PBXGroup;
			children = (
				7CB371B32A7A758800A8AD76 /* CustomBar.swift */,
				7CB371B52A7A7B0B00A8AD76 /* TabBarView.swift */,
			);
			path = AppTabBar;
			sourceTree = "<group>";
		};
		7CBAA1A62A5D90DC00DFA31D = {
			isa = PBXGroup;
			children = (
				7C666A9F2A8D1B6A00880D45 /* SealImage.swift */,
				7C666A9D2A8BC8AD00880D45 /* FileManView.swift */,
				7CBAA1B12A5D90DC00DFA31D /* MaxOut2 */,
				7CBAA1B02A5D90DC00DFA31D /* Products */,
			);
			sourceTree = "<group>";
		};
		7CBAA1B02A5D90DC00DFA31D /* Products */ = {
			isa = PBXGroup;
			children = (
				7CBAA1AF2A5D90DC00DFA31D /* MaxOut2.app */,
			);
			name = Products;
			sourceTree = "<group>";
		};
		7CBAA1B12A5D90DC00DFA31D /* MaxOut2 */ = {
			isa = PBXGroup;
			children = (
				7CBAA2162A5D955500DFA31D /* AppShared */,
				7CA6CE0B2A6694D2006FDBD4 /* App */,
				7CA6CE1C2A66E8B8006FDBD4 /* HealthKit */,
				7CBAA1DF2A5D935600DFA31D /* Model */,
				7CBAA2002A5D944600DFA31D /* VVM */,
				7CDB577E2A7E541B0060FCFE /* CustomNavBar */,
				7CBAA2012A5D949200DFA31D /* Helpers */,
			);
			path = MaxOut2;
			sourceTree = "<group>";
		};
		7CBAA1B82A5D90DE00DFA31D /* Preview Content */ = {
			isa = PBXGroup;
			children = (
				7CBAA1B92A5D90DE00DFA31D /* Preview Assets.xcassets */,
			);
			path = "Preview Content";
			sourceTree = "<group>";
		};
		7CBAA1CE2A5D924900DFA31D /* Firebase */ = {
			isa = PBXGroup;
			children = (
				7CBAA1D02A5D924900DFA31D /* AuthenticationResultModel.swift */,
				7CBAA1D12A5D924900DFA31D /* FireAuthManager.swift */,
				7CBAA1D22A5D924900DFA31D /* SignInGoogleHelper.swift */,
				7CBAA1CF2A5D924900DFA31D /* SignInWithAppleHelper.swift */,
			);
			path = Firebase;
			sourceTree = "<group>";
		};
		7CBAA1D92A5D92BB00DFA31D /* Utilities */ = {
			isa = PBXGroup;
			children = (
				7CB371B72A7A7EDC00A8AD76 /* TabBarItemsPreferenceKey.swift */,
				7CB371BF2A7BD50000A8AD76 /* ScrollViewOffsetPreferenceKey.swift */,
				7CBAA2042A5D94AC00DFA31D /* TextFieldFocus.swift */,
				7CBAA1D72A5D92B000DFA31D /* SignInUtility.swift */,
				7C7DA0F32A5EB21000B58AFA /* DurationFormatter.swift */,
			);
			path = Utilities;
			sourceTree = "<group>";
		};
		7CBAA1DA2A5D935500DFA31D /* FitUser */ = {
			isa = PBXGroup;
			children = (
				7CBAA1DB2A5D935500DFA31D /* FitUsersManager.swift */,
				7CBAA1DC2A5D935500DFA31D /* FitUser.swift */,
			);
			path = FitUser;
			sourceTree = "<group>";
		};
		7CBAA1DF2A5D935600DFA31D /* Model */ = {
			isa = PBXGroup;
			children = (
				7CB371B92A7A820900A8AD76 /* TabBarItem.swift */,
				7C7DA0A32A5DAE2400B58AFA /* Enums.swift */,
				7C666A992A8B898600880D45 /* UserStat.swift */,
				7C666A9B2A8B8C7400880D45 /* StatsManager.swift */,
				7CBAA1CE2A5D924900DFA31D /* Firebase */,
				7CBAA1DA2A5D935500DFA31D /* FitUser */,
				7C7DA09C2A5DA22800B58AFA /* Exercise */,
				7C7DA0A52A5DAE4100B58AFA /* Session */,
				7C7DA0AA2A5DAE4100B58AFA /* Routine */,
				7C7DA0A82A5DAE4100B58AFA /* Bob.swift */,
				7C7DA0A92A5DAE4100B58AFA /* Workout.swift */,
			);
			path = Model;
			sourceTree = "<group>";
		};
		7CBAA1E42A5D944400DFA31D /* Authentication */ = {
			isa = PBXGroup;
			children = (
				7CBAA1E52A5D944400DFA31D /* CreateAccountView */,
				7CBAA1EF2A5D944400DFA31D /* LoginView */,
			);
			path = Authentication;
			sourceTree = "<group>";
		};
		7CBAA1E52A5D944400DFA31D /* CreateAccountView */ = {
			isa = PBXGroup;
			children = (
				7CBAA1E62A5D944400DFA31D /* CreateAccountViewModel.swift */,
				7CBAA1E72A5D944400DFA31D /* CreateAccountView.swift */,
			);
			path = CreateAccountView;
			sourceTree = "<group>";
		};
		7CBAA1E82A5D944400DFA31D /* TSTextFieldsView */ = {
			isa = PBXGroup;
			children = (
				7CBAA1E92A5D944400DFA31D /* LoginTextFieldsView.swift */,
				7CBAA1EC2A5D944400DFA31D /* LoginTextField.swift */,
				7CBAA1EE2A5D944400DFA31D /* LoginTextFieldsManager.swift */,
			);
			path = TSTextFieldsView;
			sourceTree = "<group>";
		};
		7CBAA1EF2A5D944400DFA31D /* LoginView */ = {
			isa = PBXGroup;
			children = (
				7CBAA1F02A5D944400DFA31D /* LoginViewModel.swift */,
				7CBAA1F12A5D944400DFA31D /* LoginView.swift */,
			);
			path = LoginView;
			sourceTree = "<group>";
		};
		7CBAA1F22A5D944400DFA31D /* SSO */ = {
			isa = PBXGroup;
			children = (
				7CBAA1F32A5D944400DFA31D /* SignInWithAppleButton.swift */,
				7CBAA1F42A5D944400DFA31D /* SignInWithGoogleButton.swift */,
			);
			path = SSO;
			sourceTree = "<group>";
		};
		7CBAA2002A5D944600DFA31D /* VVM */ = {
			isa = PBXGroup;
			children = (
				7C7DA09B2A5DA01B00B58AFA /* Components */,
				7CBAA1E42A5D944400DFA31D /* Authentication */,
				7C7DA0BE2A5E943900B58AFA /* Core */,
			);
			path = VVM;
			sourceTree = "<group>";
		};
		7CBAA2012A5D949200DFA31D /* Helpers */ = {
			isa = PBXGroup;
			children = (
				7CBAA1D92A5D92BB00DFA31D /* Utilities */,
				7CBAA20D2A5D952000DFA31D /* Extensions */,
				7CBAA2062A5D94EB00DFA31D /* ViewModifiers */,
				7CA6CDE62A65995D006FDBD4 /* GoodColors.swift */,
			);
			path = Helpers;
			sourceTree = "<group>";
		};
		7CBAA2062A5D94EB00DFA31D /* ViewModifiers */ = {
			isa = PBXGroup;
			children = (
				7C7DA1262A6018C300B58AFA /* CellStyle.swift */,
				7C7DA0BF2A5E968900B58AFA /* MainButtonLabel.swift */,
				7C7DA0B62A5DD36200B58AFA /* LoginAnimation.swift */,
				7CB371BB2A7AAAB600A8AD76 /* ParallaxModifier.swift */,
				7CBAA2102A5D953500DFA31D /* Resign-onDrag.swift */,
				7CBAA2072A5D94EB00DFA31D /* OnFirstAppear.swift */,
				7CBAA2092A5D94EB00DFA31D /* NumbersOnlyModifier.swift */,
				7CC6FB632A7664E400A9138A /* ClearButtonTF.swift */,
				7CB371BD2A7AB06D00A8AD76 /* ConditionalModifier.swift */,
				7CB371C12A7C112C00A8AD76 /* ThreeWayStyle.swift */,
			);
			path = ViewModifiers;
			sourceTree = "<group>";
		};
		7CBAA20D2A5D952000DFA31D /* Extensions */ = {
			isa = PBXGroup;
			children = (
				7C6FE5042A7EAF050017C0A9 /* UINavController.swift */,
				7CBAA2022A5D94A600DFA31D /* Constants.swift */,
				7C7DA11A2A5EB4DB00B58AFA /* Binding-optionals.swift */,
				7CCB57FF2A6949EF0086D291 /* HKWorkoutActivityType.swift */,
				7CBAA2182A5D964F00DFA31D /* Colors.swift */,
				7C7DA09F2A5DA38000B58AFA /* FSExtensions.swift */,
				7CBAA20E2A5D952A00DFA31D /* Bundle-decodable.swift */,
				7C1555D72A6FCBC0005C2855 /* DismissButton.swift */,
				7C7DA0F12A5EB1ED00B58AFA /* TimeInterval-String.swift */,
				7C1555DD2A71214C005C2855 /* Date.swift */,
			);
			path = Extensions;
			sourceTree = "<group>";
		};
		7CBAA2162A5D955500DFA31D /* AppShared */ = {
			isa = PBXGroup;
			children = (
				7CBAA1B62A5D90DE00DFA31D /* Assets.xcassets */,
				7CBAA2122A5D954C00DFA31D /* exercises.json */,
				7CBAA2132A5D954C00DFA31D /* selectedExercises.json */,
				7CBAA21C2A5D9BC500DFA31D /* Info.plist */,
				7CBAA1C72A5D91BC00DFA31D /* GoogleService-Info.plist */,
				7C7DA0A12A5DAAB800B58AFA /* Launchscreen.storyboard */,
				7CBAA2172A5D958700DFA31D /* MaxOut2.entitlements */,
				7CBAA1B82A5D90DE00DFA31D /* Preview Content */,
			);
			path = AppShared;
			sourceTree = "<group>";
		};
		7CCB57FE2A6921360086D291 /* WidgetsGrid */ = {
			isa = PBXGroup;
			children = (
				7CCB58012A697C270086D291 /* Charts */,
				7CCB57FC2A6912BD0086D291 /* WidgetGrid.swift */,
				7C1555D52A6C0087005C2855 /* ExerciseTimeView.swift */,
				7C1555CA2A6B0B3C005C2855 /* GridHeader.swift */,
				7C1555C82A6A98C8005C2855 /* CalendarWidget.swift */,
			);
			path = WidgetsGrid;
			sourceTree = "<group>";
		};
		7CCB58012A697C270086D291 /* Charts */ = {
			isa = PBXGroup;
			children = (
				7CA6CE282A66ED47006FDBD4 /* ExerciseMinutesWidget.swift */,
				7CCB57FA2A69125D0086D291 /* BodyMassChart.swift */,
				7C1555D12A6BB4B4005C2855 /* RadarChart.swift */,
				7C1555D32A6BDF44005C2855 /* RadarMock.swift */,
			);
			path = Charts;
			sourceTree = "<group>";
		};
		7CDB577E2A7E541B0060FCFE /* CustomNavBar */ = {
			isa = PBXGroup;
			children = (
				7CDB577F2A7E54300060FCFE /* AppNavBar.swift */,
				7C6FE5082A7EB2C80017C0A9 /* NavBarPK.swift */,
				7C6FE5002A7E55710017C0A9 /* NavBar.swift */,
				7C6FE5022A7E58EE0017C0A9 /* NavContainer.swift */,
				7C6FE5062A7EB0450017C0A9 /* NavLink.swift */,
			);
			path = CustomNavBar;
			sourceTree = "<group>";
		};
/* End PBXGroup section */

/* Begin PBXNativeTarget section */
		7CBAA1AE2A5D90DC00DFA31D /* MaxOut2 */ = {
			isa = PBXNativeTarget;
			buildConfigurationList = 7CBAA1BD2A5D90DE00DFA31D /* Build configuration list for PBXNativeTarget "MaxOut2" */;
			buildPhases = (
				7CBAA1AB2A5D90DC00DFA31D /* Sources */,
				7CBAA1AC2A5D90DC00DFA31D /* Frameworks */,
				7CBAA1AD2A5D90DC00DFA31D /* Resources */,
			);
			buildRules = (
			);
			dependencies = (
			);
			name = MaxOut2;
			packageProductDependencies = (
				7CBAA1C12A5D91A800DFA31D /* FirebaseAuth */,
				7CBAA1C32A5D91A800DFA31D /* FirebaseFirestore */,
				7CBAA1C52A5D91A800DFA31D /* FirebaseFirestoreSwift */,
				7CBAA1CA2A5D91D300DFA31D /* GoogleSignIn */,
				7CBAA1CC2A5D91D300DFA31D /* GoogleSignInSwift */,
				7C7DA0DD2A5EB15300B58AFA /* SwipeActions */,
				7C7DA0EF2A5EB1AA00B58AFA /* SwiftUICalendar */,
				7C32044A2A79369000A25650 /* BottomSheet */,
				7CB371C42A7C137B00A8AD76 /* MarqueeText */,
				7C6FE5692A7FFF440017C0A9 /* AlphabetScrollBar */,
			);
			productName = MaxOut2;
			productReference = 7CBAA1AF2A5D90DC00DFA31D /* MaxOut2.app */;
			productType = "com.apple.product-type.application";
		};
/* End PBXNativeTarget section */

/* Begin PBXProject section */
		7CBAA1A72A5D90DC00DFA31D /* Project object */ = {
			isa = PBXProject;
			attributes = {
				BuildIndependentTargetsInParallel = 1;
				LastSwiftUpdateCheck = 1430;
				LastUpgradeCheck = 1430;
				TargetAttributes = {
					7CBAA1AE2A5D90DC00DFA31D = {
						CreatedOnToolsVersion = 14.3.1;
					};
				};
			};
			buildConfigurationList = 7CBAA1AA2A5D90DC00DFA31D /* Build configuration list for PBXProject "MaxOut2" */;
			compatibilityVersion = "Xcode 14.0";
			developmentRegion = en;
			hasScannedForEncodings = 0;
			knownRegions = (
				en,
				Base,
			);
			mainGroup = 7CBAA1A62A5D90DC00DFA31D;
			packageReferences = (
				7CBAA1C02A5D91A800DFA31D /* XCRemoteSwiftPackageReference "firebase-ios-sdk" */,
				7CBAA1C92A5D91D300DFA31D /* XCRemoteSwiftPackageReference "GoogleSignIn-iOS" */,
				7C7DA0DC2A5EB15300B58AFA /* XCRemoteSwiftPackageReference "SwipeActions" */,
				7C7DA0EE2A5EB1AA00B58AFA /* XCRemoteSwiftPackageReference "SwiftUICalendar" */,
				7C3204492A79369000A25650 /* XCRemoteSwiftPackageReference "BottomSheet" */,
				7CB371C32A7C137A00A8AD76 /* XCRemoteSwiftPackageReference "MarqueeText" */,
				7C6FE5682A7FFF440017C0A9 /* XCRemoteSwiftPackageReference "AlphabetScrollBar" */,
			);
			productRefGroup = 7CBAA1B02A5D90DC00DFA31D /* Products */;
			projectDirPath = "";
			projectRoot = "";
			targets = (
				7CBAA1AE2A5D90DC00DFA31D /* MaxOut2 */,
			);
		};
/* End PBXProject section */

/* Begin PBXResourcesBuildPhase section */
		7CBAA1AD2A5D90DC00DFA31D /* Resources */ = {
			isa = PBXResourcesBuildPhase;
			buildActionMask = 2147483647;
			files = (
				7CBAA1BA2A5D90DE00DFA31D /* Preview Assets.xcassets in Resources */,
				7CBAA2152A5D954C00DFA31D /* selectedExercises.json in Resources */,
				7CBAA2142A5D954C00DFA31D /* exercises.json in Resources */,
				7C7DA0A22A5DAAB800B58AFA /* Launchscreen.storyboard in Resources */,
				7CBAA1B72A5D90DE00DFA31D /* Assets.xcassets in Resources */,
				7CBAA1C82A5D91BC00DFA31D /* GoogleService-Info.plist in Resources */,
			);
			runOnlyForDeploymentPostprocessing = 0;
		};
/* End PBXResourcesBuildPhase section */

/* Begin PBXSourcesBuildPhase section */
		7CBAA1AB2A5D90DC00DFA31D /* Sources */ = {
			isa = PBXSourcesBuildPhase;
			buildActionMask = 2147483647;
			files = (
				7CA6CE232A66E8ED006FDBD4 /* Activity.swift in Sources */,
				7C7DA1292A604B2600B58AFA /* SeshController.swift in Sources */,
				7C5F265B2A86457F0074A837 /* StringInputView.swift in Sources */,
				7C7DA0FC2A5EB25400B58AFA /* SmallTsButton.swift in Sources */,
				7CBAA1FE2A5D944400DFA31D /* SignInWithAppleButton.swift in Sources */,
				7CC6FB642A7664E400A9138A /* ClearButtonTF.swift in Sources */,
				7CC6FB602A72B82900A9138A /* TemplatesPicker.swift in Sources */,
				7CB371B42A7A758800A8AD76 /* CustomBar.swift in Sources */,
				7C1555D82A6FCBC0005C2855 /* DismissButton.swift in Sources */,
				7CCB57FB2A69125D0086D291 /* BodyMassChart.swift in Sources */,
				7CBAA2032A5D94A600DFA31D /* Constants.swift in Sources */,
				7CC6FB622A740B4D00A9138A /* ExerciseDetailView.swift in Sources */,
				7C7DA0C02A5E968900B58AFA /* MainButtonLabel.swift in Sources */,
				7C7DA0D82A5EB0F800B58AFA /* SessionView.swift in Sources */,
				7CBAA2052A5D94AC00DFA31D /* TextFieldFocus.swift in Sources */,
				7C7DA1252A5FF8FC00B58AFA /* SectionIndexTitles.swift in Sources */,
				7C7DA0EB2A5EB16400B58AFA /* HistoryViewModel.swift in Sources */,
				7CBAA21B2A5D96F000DFA31D /* Exercise.swift in Sources */,
				7CBAA20F2A5D952A00DFA31D /* Bundle-decodable.swift in Sources */,
				7CB371B62A7A7B0B00A8AD76 /* TabBarView.swift in Sources */,
				7CBAA2112A5D953500DFA31D /* Resign-onDrag.swift in Sources */,
				7CBAA1DD2A5D935500DFA31D /* FitUsersManager.swift in Sources */,
				7C7DA1332A63FA3600B58AFA /* BottomSheetView.swift in Sources */,
				7C7DA0AE2A5DAE4100B58AFA /* SessionsManager.swift in Sources */,
				7CBAA1F82A5D944400DFA31D /* ResignKeyboardButton.swift in Sources */,
				7CCB58002A6949EF0086D291 /* HKWorkoutActivityType.swift in Sources */,
				7C7DA0A42A5DAE2500B58AFA /* Enums.swift in Sources */,
				7CBAA1B32A5D90DC00DFA31D /* MaxOut2App.swift in Sources */,
				7CBAA1D42A5D924900DFA31D /* AuthenticationResultModel.swift in Sources */,
				7C7DA0B22A5DAE4100B58AFA /* Routine.swift in Sources */,
				7CBAA1DE2A5D935500DFA31D /* FitUser.swift in Sources */,
				7C5F26592A863F6E0074A837 /* InputView.swift in Sources */,
				7CBAA1D52A5D924900DFA31D /* FireAuthManager.swift in Sources */,
				7CB371BC2A7AAAB600A8AD76 /* ParallaxModifier.swift in Sources */,
				7C7DA0F42A5EB21000B58AFA /* DurationFormatter.swift in Sources */,
				7C7DA1272A6018C300B58AFA /* CellStyle.swift in Sources */,
				7CBAA1F62A5D944400DFA31D /* CreateAccountView.swift in Sources */,
				7CBAA1FC2A5D944400DFA31D /* LoginViewModel.swift in Sources */,
				7C1555DC2A710F2E005C2855 /* TimeRange.swift in Sources */,
				7C1555D22A6BB4B4005C2855 /* RadarChart.swift in Sources */,
				7CB371B82A7A7EDC00A8AD76 /* TabBarItemsPreferenceKey.swift in Sources */,
				7C666A9A2A8B898600880D45 /* UserStat.swift in Sources */,
				7CBAA20A2A5D94EB00DFA31D /* OnFirstAppear.swift in Sources */,
				7C6FE5722A80EC5A0017C0A9 /* DurationPicker.swift in Sources */,
				7C6FE5072A7EB0450017C0A9 /* NavLink.swift in Sources */,
				7C7DA0F92A5EB25400B58AFA /* BodyPartImageView.swift in Sources */,
				7C666AA02A8D1B6A00880D45 /* SealImage.swift in Sources */,
				7C7DA0C42A5EAFA000B58AFA /* ProfileView.swift in Sources */,
				7CCB57FD2A6912BD0086D291 /* WidgetGrid.swift in Sources */,
				7C7DA0AD2A5DAE4100B58AFA /* Session.swift in Sources */,
				7C7DA0FA2A5EB25400B58AFA /* LargeTsButton.swift in Sources */,
				7C7DA0EC2A5EB16400B58AFA /* WorkoutDetailView.swift in Sources */,
				7C6FE5032A7E58EE0017C0A9 /* NavContainer.swift in Sources */,
				7CB371C22A7C112C00A8AD76 /* ThreeWayStyle.swift in Sources */,
				7CBAA1E22A5D93D400DFA31D /* RootView.swift in Sources */,
				7C7DA0EA2A5EB16400B58AFA /* WorkoutGrid.swift in Sources */,
				7C1555D42A6BDF44005C2855 /* RadarMock.swift in Sources */,
				7C1555C92A6A98C8005C2855 /* CalendarWidget.swift in Sources */,
				7CBAA1FF2A5D944400DFA31D /* SignInWithGoogleButton.swift in Sources */,
				7C1555DE2A71214C005C2855 /* Date.swift in Sources */,
				7C7DA0B12A5DAE4100B58AFA /* RoutinesManager.swift in Sources */,
				7CBAA1F52A5D944400DFA31D /* CreateAccountViewModel.swift in Sources */,
				7C7DA0D72A5EB0F800B58AFA /* BobView.swift in Sources */,
				7C7DA0BD2A5E93F900B58AFA /* FrostedProgressView.swift in Sources */,
				7CBAA1F72A5D944400DFA31D /* LoginTextFieldsView.swift in Sources */,
				7CB371AD2A79607A00A8AD76 /* ExercisesPicker.swift in Sources */,
				7C7DA0ED2A5EB16400B58AFA /* HistoryView.swift in Sources */,
				7CB371AF2A79608300A8AD76 /* PickerCell.swift in Sources */,
				7C7DA0DB2A5EB12000B58AFA /* BobGauge.swift in Sources */,
				7C6FE5052A7EAF050017C0A9 /* UINavController.swift in Sources */,
				7C7DA09E2A5DA2A100B58AFA /* ExercisesManager.swift in Sources */,
				7CB371BA2A7A820900A8AD76 /* TabBarItem.swift in Sources */,
				7C1555DA2A701469005C2855 /* ThreeWayPicker.swift in Sources */,
				7C7DA0F22A5EB1ED00B58AFA /* TimeInterval-String.swift in Sources */,
				7CA6CDE72A65995D006FDBD4 /* GoodColors.swift in Sources */,
				7C7DA12E2A61713100B58AFA /* BobContainer.swift in Sources */,
				7C7DA0A02A5DA38000B58AFA /* FSExtensions.swift in Sources */,
				7C7DA0C72A5EB03200B58AFA /* StartViewModel.swift in Sources */,
				7CBAA2192A5D964F00DFA31D /* Colors.swift in Sources */,
				7C5F26572A863D8E0074A837 /* KmTF.swift in Sources */,
				7C7DA0AF2A5DAE4100B58AFA /* Bob.swift in Sources */,
				7C666A9E2A8BC8AD00880D45 /* FileManView.swift in Sources */,
				7C6FE5012A7E55710017C0A9 /* NavBar.swift in Sources */,
				7C1555D62A6C0087005C2855 /* ExerciseTimeView.swift in Sources */,
				7CBAA20C2A5D94EB00DFA31D /* NumbersOnlyModifier.swift in Sources */,
				7C7DA11D2A5EBC8A00B58AFA /* InProgressView.swift in Sources */,
				7CB371BE2A7AB06D00A8AD76 /* ConditionalModifier.swift in Sources */,
				7C7DA0C52A5EAFA000B58AFA /* DiaryViewModel.swift in Sources */,
				7C7DA0C92A5EB04600B58AFA /* StartContainer.swift in Sources */,
				7C1555C72A6A84E2005C2855 /* WeightView.swift in Sources */,
				7C7DA0B72A5DD36200B58AFA /* LoginAnimation.swift in Sources */,
				7CA6CE222A66E8ED006FDBD4 /* HealthStat.swift in Sources */,
				7C7DA1122A5EB32A00B58AFA /* ExercisesListView.swift in Sources */,
				7CBAA1D62A5D924900DFA31D /* SignInGoogleHelper.swift in Sources */,
				7C7DA0E82A5EB16400B58AFA /* TsCalendarView.swift in Sources */,
				7CBAA1D82A5D92B000DFA31D /* SignInUtility.swift in Sources */,
				7C7DA11B2A5EB4DB00B58AFA /* Binding-optionals.swift in Sources */,
				7C7DA0D12A5EB0EA00B58AFA /* TSTimerView.swift in Sources */,
				7CA6CE1E2A66E8E0006FDBD4 /* HealthKitManager.swift in Sources */,
				7C7DA0E92A5EB16400B58AFA /* TsCalendarViewModel.swift in Sources */,
				7C7DA0B02A5DAE4100B58AFA /* Workout.swift in Sources */,
				7C5F26552A84EB9D0074A837 /* KgRepsTF.swift in Sources */,
				7C7DA10E2A5EB32A00B58AFA /* ExercisesViewModel.swift in Sources */,
				7CA6CE292A66ED47006FDBD4 /* ExerciseMinutesWidget.swift in Sources */,
				7CBAA1FB2A5D944400DFA31D /* LoginTextFieldsManager.swift in Sources */,
				7C6FE5092A7EB2C80017C0A9 /* NavBarPK.swift in Sources */,
				7CBAA1FD2A5D944400DFA31D /* LoginView.swift in Sources */,
				7C7DA1352A65544000B58AFA /* DiaryView.swift in Sources */,
				7C1555CB2A6B0B3C005C2855 /* GridHeader.swift in Sources */,
				7C7DA1102A5EB32A00B58AFA /* CellLabel.swift in Sources */,
				7CBAA1D32A5D924900DFA31D /* SignInWithAppleHelper.swift in Sources */,
				7C7DA0BB2A5E909600B58AFA /* ParallaxScrollView.swift in Sources */,
				7CDB57802A7E54300060FCFE /* AppNavBar.swift in Sources */,
				7CB371C02A7BD50000A8AD76 /* ScrollViewOffsetPreferenceKey.swift in Sources */,
				7CBAA1F92A5D944400DFA31D /* LoginTextField.swift in Sources */,
				7C666A9C2A8B8C7400880D45 /* StatsManager.swift in Sources */,
			);
			runOnlyForDeploymentPostprocessing = 0;
		};
/* End PBXSourcesBuildPhase section */

/* Begin XCBuildConfiguration section */
		7CBAA1BB2A5D90DE00DFA31D /* Debug */ = {
			isa = XCBuildConfiguration;
			buildSettings = {
				ALWAYS_SEARCH_USER_PATHS = NO;
				CLANG_ANALYZER_NONNULL = YES;
				CLANG_ANALYZER_NUMBER_OBJECT_CONVERSION = YES_AGGRESSIVE;
				CLANG_CXX_LANGUAGE_STANDARD = "gnu++20";
				CLANG_ENABLE_MODULES = YES;
				CLANG_ENABLE_OBJC_ARC = YES;
				CLANG_ENABLE_OBJC_WEAK = YES;
				CLANG_WARN_BLOCK_CAPTURE_AUTORELEASING = YES;
				CLANG_WARN_BOOL_CONVERSION = YES;
				CLANG_WARN_COMMA = YES;
				CLANG_WARN_CONSTANT_CONVERSION = YES;
				CLANG_WARN_DEPRECATED_OBJC_IMPLEMENTATIONS = YES;
				CLANG_WARN_DIRECT_OBJC_ISA_USAGE = YES_ERROR;
				CLANG_WARN_DOCUMENTATION_COMMENTS = YES;
				CLANG_WARN_EMPTY_BODY = YES;
				CLANG_WARN_ENUM_CONVERSION = YES;
				CLANG_WARN_INFINITE_RECURSION = YES;
				CLANG_WARN_INT_CONVERSION = YES;
				CLANG_WARN_NON_LITERAL_NULL_CONVERSION = YES;
				CLANG_WARN_OBJC_IMPLICIT_RETAIN_SELF = YES;
				CLANG_WARN_OBJC_LITERAL_CONVERSION = YES;
				CLANG_WARN_OBJC_ROOT_CLASS = YES_ERROR;
				CLANG_WARN_QUOTED_INCLUDE_IN_FRAMEWORK_HEADER = YES;
				CLANG_WARN_RANGE_LOOP_ANALYSIS = YES;
				CLANG_WARN_STRICT_PROTOTYPES = YES;
				CLANG_WARN_SUSPICIOUS_MOVE = YES;
				CLANG_WARN_UNGUARDED_AVAILABILITY = YES_AGGRESSIVE;
				CLANG_WARN_UNREACHABLE_CODE = YES;
				CLANG_WARN__DUPLICATE_METHOD_MATCH = YES;
				COPY_PHASE_STRIP = NO;
				DEBUG_INFORMATION_FORMAT = dwarf;
				ENABLE_STRICT_OBJC_MSGSEND = YES;
				ENABLE_TESTABILITY = YES;
				GCC_C_LANGUAGE_STANDARD = gnu11;
				GCC_DYNAMIC_NO_PIC = NO;
				GCC_NO_COMMON_BLOCKS = YES;
				GCC_OPTIMIZATION_LEVEL = 0;
				GCC_PREPROCESSOR_DEFINITIONS = (
					"DEBUG=1",
					"$(inherited)",
				);
				GCC_WARN_64_TO_32_BIT_CONVERSION = YES;
				GCC_WARN_ABOUT_RETURN_TYPE = YES_ERROR;
				GCC_WARN_UNDECLARED_SELECTOR = YES;
				GCC_WARN_UNINITIALIZED_AUTOS = YES_AGGRESSIVE;
				GCC_WARN_UNUSED_FUNCTION = YES;
				GCC_WARN_UNUSED_VARIABLE = YES;
				IPHONEOS_DEPLOYMENT_TARGET = 16.4;
				MTL_ENABLE_DEBUG_INFO = INCLUDE_SOURCE;
				MTL_FAST_MATH = YES;
				ONLY_ACTIVE_ARCH = YES;
				SDKROOT = iphoneos;
				SWIFT_ACTIVE_COMPILATION_CONDITIONS = DEBUG;
				SWIFT_OPTIMIZATION_LEVEL = "-Onone";
			};
			name = Debug;
		};
		7CBAA1BC2A5D90DE00DFA31D /* Release */ = {
			isa = XCBuildConfiguration;
			buildSettings = {
				ALWAYS_SEARCH_USER_PATHS = NO;
				CLANG_ANALYZER_NONNULL = YES;
				CLANG_ANALYZER_NUMBER_OBJECT_CONVERSION = YES_AGGRESSIVE;
				CLANG_CXX_LANGUAGE_STANDARD = "gnu++20";
				CLANG_ENABLE_MODULES = YES;
				CLANG_ENABLE_OBJC_ARC = YES;
				CLANG_ENABLE_OBJC_WEAK = YES;
				CLANG_WARN_BLOCK_CAPTURE_AUTORELEASING = YES;
				CLANG_WARN_BOOL_CONVERSION = YES;
				CLANG_WARN_COMMA = YES;
				CLANG_WARN_CONSTANT_CONVERSION = YES;
				CLANG_WARN_DEPRECATED_OBJC_IMPLEMENTATIONS = YES;
				CLANG_WARN_DIRECT_OBJC_ISA_USAGE = YES_ERROR;
				CLANG_WARN_DOCUMENTATION_COMMENTS = YES;
				CLANG_WARN_EMPTY_BODY = YES;
				CLANG_WARN_ENUM_CONVERSION = YES;
				CLANG_WARN_INFINITE_RECURSION = YES;
				CLANG_WARN_INT_CONVERSION = YES;
				CLANG_WARN_NON_LITERAL_NULL_CONVERSION = YES;
				CLANG_WARN_OBJC_IMPLICIT_RETAIN_SELF = YES;
				CLANG_WARN_OBJC_LITERAL_CONVERSION = YES;
				CLANG_WARN_OBJC_ROOT_CLASS = YES_ERROR;
				CLANG_WARN_QUOTED_INCLUDE_IN_FRAMEWORK_HEADER = YES;
				CLANG_WARN_RANGE_LOOP_ANALYSIS = YES;
				CLANG_WARN_STRICT_PROTOTYPES = YES;
				CLANG_WARN_SUSPICIOUS_MOVE = YES;
				CLANG_WARN_UNGUARDED_AVAILABILITY = YES_AGGRESSIVE;
				CLANG_WARN_UNREACHABLE_CODE = YES;
				CLANG_WARN__DUPLICATE_METHOD_MATCH = YES;
				COPY_PHASE_STRIP = NO;
				DEBUG_INFORMATION_FORMAT = "dwarf-with-dsym";
				ENABLE_NS_ASSERTIONS = NO;
				ENABLE_STRICT_OBJC_MSGSEND = YES;
				GCC_C_LANGUAGE_STANDARD = gnu11;
				GCC_NO_COMMON_BLOCKS = YES;
				GCC_WARN_64_TO_32_BIT_CONVERSION = YES;
				GCC_WARN_ABOUT_RETURN_TYPE = YES_ERROR;
				GCC_WARN_UNDECLARED_SELECTOR = YES;
				GCC_WARN_UNINITIALIZED_AUTOS = YES_AGGRESSIVE;
				GCC_WARN_UNUSED_FUNCTION = YES;
				GCC_WARN_UNUSED_VARIABLE = YES;
				IPHONEOS_DEPLOYMENT_TARGET = 16.4;
				MTL_ENABLE_DEBUG_INFO = NO;
				MTL_FAST_MATH = YES;
				SDKROOT = iphoneos;
				SWIFT_COMPILATION_MODE = wholemodule;
				SWIFT_OPTIMIZATION_LEVEL = "-O";
				VALIDATE_PRODUCT = YES;
			};
			name = Release;
		};
		7CBAA1BE2A5D90DE00DFA31D /* Debug */ = {
			isa = XCBuildConfiguration;
			buildSettings = {
				ASSETCATALOG_COMPILER_APPICON_NAME = AppIcon;
				ASSETCATALOG_COMPILER_GLOBAL_ACCENT_COLOR_NAME = AccentColor;
				CODE_SIGN_ENTITLEMENTS = MaxOut2/AppShared/MaxOut2.entitlements;
				CODE_SIGN_STYLE = Automatic;
				CURRENT_PROJECT_VERSION = 1;
				DEVELOPMENT_ASSET_PATHS = "\"MaxOut2/AppShared/Preview Content\"";
				DEVELOPMENT_TEAM = CLM5L23Y57;
				ENABLE_PREVIEWS = YES;
				GENERATE_INFOPLIST_FILE = YES;
				INFOPLIST_FILE = MaxOut2/AppShared/Info.plist;
				INFOPLIST_KEY_LSApplicationCategoryType = "";
				INFOPLIST_KEY_NSHealthShareUsageDescription = "We would like to share your progress in the Health App";
				INFOPLIST_KEY_NSHealthUpdateUsageDescription = "We would like to record your workouts on Health App";
				INFOPLIST_KEY_UIApplicationSceneManifest_Generation = YES;
				INFOPLIST_KEY_UIApplicationSupportsIndirectInputEvents = YES;
				INFOPLIST_KEY_UILaunchScreen_Generation = YES;
				INFOPLIST_KEY_UILaunchStoryboardName = Launchscreen.storyboard;
				INFOPLIST_KEY_UISupportedInterfaceOrientations = UIInterfaceOrientationPortrait;
				INFOPLIST_KEY_UISupportedInterfaceOrientations_iPad = "UIInterfaceOrientationLandscapeLeft UIInterfaceOrientationLandscapeRight UIInterfaceOrientationPortrait UIInterfaceOrientationPortraitUpsideDown";
				LD_RUNPATH_SEARCH_PATHS = (
					"$(inherited)",
					"@executable_path/Frameworks",
				);
				MARKETING_VERSION = 1.0;
				PRODUCT_BUNDLE_IDENTIFIER = co.uk.lorenzopolato.MaxOut2;
				PRODUCT_NAME = "$(TARGET_NAME)";
				SWIFT_EMIT_LOC_STRINGS = YES;
				SWIFT_VERSION = 5.0;
				TARGETED_DEVICE_FAMILY = "1,2";
			};
			name = Debug;
		};
		7CBAA1BF2A5D90DE00DFA31D /* Release */ = {
			isa = XCBuildConfiguration;
			buildSettings = {
				ASSETCATALOG_COMPILER_APPICON_NAME = AppIcon;
				ASSETCATALOG_COMPILER_GLOBAL_ACCENT_COLOR_NAME = AccentColor;
				CODE_SIGN_ENTITLEMENTS = MaxOut2/AppShared/MaxOut2.entitlements;
				CODE_SIGN_STYLE = Automatic;
				CURRENT_PROJECT_VERSION = 1;
				DEVELOPMENT_ASSET_PATHS = "\"MaxOut2/AppShared/Preview Content\"";
				DEVELOPMENT_TEAM = CLM5L23Y57;
				ENABLE_PREVIEWS = YES;
				GENERATE_INFOPLIST_FILE = YES;
				INFOPLIST_FILE = MaxOut2/AppShared/Info.plist;
				INFOPLIST_KEY_LSApplicationCategoryType = "";
				INFOPLIST_KEY_NSHealthShareUsageDescription = "We would like to share your progress in the Health App";
				INFOPLIST_KEY_NSHealthUpdateUsageDescription = "We would like to record your workouts on Health App";
				INFOPLIST_KEY_UIApplicationSceneManifest_Generation = YES;
				INFOPLIST_KEY_UIApplicationSupportsIndirectInputEvents = YES;
				INFOPLIST_KEY_UILaunchScreen_Generation = YES;
				INFOPLIST_KEY_UILaunchStoryboardName = Launchscreen.storyboard;
				INFOPLIST_KEY_UISupportedInterfaceOrientations = UIInterfaceOrientationPortrait;
				INFOPLIST_KEY_UISupportedInterfaceOrientations_iPad = "UIInterfaceOrientationLandscapeLeft UIInterfaceOrientationLandscapeRight UIInterfaceOrientationPortrait UIInterfaceOrientationPortraitUpsideDown";
				LD_RUNPATH_SEARCH_PATHS = (
					"$(inherited)",
					"@executable_path/Frameworks",
				);
				MARKETING_VERSION = 1.0;
				PRODUCT_BUNDLE_IDENTIFIER = co.uk.lorenzopolato.MaxOut2;
				PRODUCT_NAME = "$(TARGET_NAME)";
				SWIFT_EMIT_LOC_STRINGS = YES;
				SWIFT_VERSION = 5.0;
				TARGETED_DEVICE_FAMILY = "1,2";
			};
			name = Release;
		};
/* End XCBuildConfiguration section */

/* Begin XCConfigurationList section */
		7CBAA1AA2A5D90DC00DFA31D /* Build configuration list for PBXProject "MaxOut2" */ = {
			isa = XCConfigurationList;
			buildConfigurations = (
				7CBAA1BB2A5D90DE00DFA31D /* Debug */,
				7CBAA1BC2A5D90DE00DFA31D /* Release */,
			);
			defaultConfigurationIsVisible = 0;
			defaultConfigurationName = Release;
		};
		7CBAA1BD2A5D90DE00DFA31D /* Build configuration list for PBXNativeTarget "MaxOut2" */ = {
			isa = XCConfigurationList;
			buildConfigurations = (
				7CBAA1BE2A5D90DE00DFA31D /* Debug */,
				7CBAA1BF2A5D90DE00DFA31D /* Release */,
			);
			defaultConfigurationIsVisible = 0;
			defaultConfigurationName = Release;
		};
/* End XCConfigurationList section */

/* Begin XCRemoteSwiftPackageReference section */
		7C3204492A79369000A25650 /* XCRemoteSwiftPackageReference "BottomSheet" */ = {
			isa = XCRemoteSwiftPackageReference;
			repositoryURL = "https://github.com/lucaszischka/BottomSheet.git";
			requirement = {
				kind = upToNextMajorVersion;
				minimumVersion = 3.1.1;
			};
		};
		7C6FE5682A7FFF440017C0A9 /* XCRemoteSwiftPackageReference "AlphabetScrollBar" */ = {
			isa = XCRemoteSwiftPackageReference;
			repositoryURL = "https://github.com/Salubrejoe/AlphabetScrollBar.git";
			requirement = {
				branch = main;
				kind = branch;
			};
		};
		7C7DA0DC2A5EB15300B58AFA /* XCRemoteSwiftPackageReference "SwipeActions" */ = {
			isa = XCRemoteSwiftPackageReference;
			repositoryURL = "https://github.com/aheze/SwipeActions";
			requirement = {
				kind = upToNextMajorVersion;
				minimumVersion = 1.1.0;
			};
		};
		7C7DA0EE2A5EB1AA00B58AFA /* XCRemoteSwiftPackageReference "SwiftUICalendar" */ = {
			isa = XCRemoteSwiftPackageReference;
			repositoryURL = "https://github.com/GGJJack/SwiftUICalendar.git";
			requirement = {
				kind = upToNextMajorVersion;
				minimumVersion = 0.1.14;
			};
		};
		7CB371C32A7C137A00A8AD76 /* XCRemoteSwiftPackageReference "MarqueeText" */ = {
			isa = XCRemoteSwiftPackageReference;
			repositoryURL = "https://github.com/joekndy/MarqueeText.git";
			requirement = {
				branch = master;
				kind = branch;
			};
		};
		7CBAA1C02A5D91A800DFA31D /* XCRemoteSwiftPackageReference "firebase-ios-sdk" */ = {
			isa = XCRemoteSwiftPackageReference;
			repositoryURL = "https://github.com/firebase/firebase-ios-sdk";
			requirement = {
				kind = upToNextMajorVersion;
				minimumVersion = 10.0.0;
			};
		};
		7CBAA1C92A5D91D300DFA31D /* XCRemoteSwiftPackageReference "GoogleSignIn-iOS" */ = {
			isa = XCRemoteSwiftPackageReference;
			repositoryURL = "https://github.com/google/GoogleSignIn-iOS";
			requirement = {
				kind = upToNextMajorVersion;
				minimumVersion = 7.0.0;
			};
		};
/* End XCRemoteSwiftPackageReference section */

/* Begin XCSwiftPackageProductDependency section */
		7C32044A2A79369000A25650 /* BottomSheet */ = {
			isa = XCSwiftPackageProductDependency;
			package = 7C3204492A79369000A25650 /* XCRemoteSwiftPackageReference "BottomSheet" */;
			productName = BottomSheet;
		};
		7C6FE5692A7FFF440017C0A9 /* AlphabetScrollBar */ = {
			isa = XCSwiftPackageProductDependency;
			package = 7C6FE5682A7FFF440017C0A9 /* XCRemoteSwiftPackageReference "AlphabetScrollBar" */;
			productName = AlphabetScrollBar;
		};
		7C7DA0DD2A5EB15300B58AFA /* SwipeActions */ = {
			isa = XCSwiftPackageProductDependency;
			package = 7C7DA0DC2A5EB15300B58AFA /* XCRemoteSwiftPackageReference "SwipeActions" */;
			productName = SwipeActions;
		};
		7C7DA0EF2A5EB1AA00B58AFA /* SwiftUICalendar */ = {
			isa = XCSwiftPackageProductDependency;
			package = 7C7DA0EE2A5EB1AA00B58AFA /* XCRemoteSwiftPackageReference "SwiftUICalendar" */;
			productName = SwiftUICalendar;
		};
		7CB371C42A7C137B00A8AD76 /* MarqueeText */ = {
			isa = XCSwiftPackageProductDependency;
			package = 7CB371C32A7C137A00A8AD76 /* XCRemoteSwiftPackageReference "MarqueeText" */;
			productName = MarqueeText;
		};
		7CBAA1C12A5D91A800DFA31D /* FirebaseAuth */ = {
			isa = XCSwiftPackageProductDependency;
			package = 7CBAA1C02A5D91A800DFA31D /* XCRemoteSwiftPackageReference "firebase-ios-sdk" */;
			productName = FirebaseAuth;
		};
		7CBAA1C32A5D91A800DFA31D /* FirebaseFirestore */ = {
			isa = XCSwiftPackageProductDependency;
			package = 7CBAA1C02A5D91A800DFA31D /* XCRemoteSwiftPackageReference "firebase-ios-sdk" */;
			productName = FirebaseFirestore;
		};
		7CBAA1C52A5D91A800DFA31D /* FirebaseFirestoreSwift */ = {
			isa = XCSwiftPackageProductDependency;
			package = 7CBAA1C02A5D91A800DFA31D /* XCRemoteSwiftPackageReference "firebase-ios-sdk" */;
			productName = FirebaseFirestoreSwift;
		};
		7CBAA1CA2A5D91D300DFA31D /* GoogleSignIn */ = {
			isa = XCSwiftPackageProductDependency;
			package = 7CBAA1C92A5D91D300DFA31D /* XCRemoteSwiftPackageReference "GoogleSignIn-iOS" */;
			productName = GoogleSignIn;
		};
		7CBAA1CC2A5D91D300DFA31D /* GoogleSignInSwift */ = {
			isa = XCSwiftPackageProductDependency;
			package = 7CBAA1C92A5D91D300DFA31D /* XCRemoteSwiftPackageReference "GoogleSignIn-iOS" */;
			productName = GoogleSignInSwift;
		};
/* End XCSwiftPackageProductDependency section */
	};
	rootObject = 7CBAA1A72A5D90DC00DFA31D /* Project object */;
}
